// !$*UTF8*$!
{
	archiveVersion = 1;
	classes = {
	};
	objectVersion = 56;
	objects = {

/* Begin PBXBuildFile section */
		4CD740B72ABB355C004DD661 /* TingleApp.swift in Sources */ = {isa = PBXBuildFile; fileRef = 4CD740B62ABB355C004DD661 /* TingleApp.swift */; };
		4CD740B92ABB355C004DD661 /* PostsListView.swift in Sources */ = {isa = PBXBuildFile; fileRef = 4CD740B82ABB355C004DD661 /* PostsListView.swift */; };
		4CD740BB2ABB355F004DD661 /* Assets.xcassets in Resources */ = {isa = PBXBuildFile; fileRef = 4CD740BA2ABB355F004DD661 /* Assets.xcassets */; };
		4CD740BE2ABB355F004DD661 /* Preview Assets.xcassets in Resources */ = {isa = PBXBuildFile; fileRef = 4CD740BD2ABB355F004DD661 /* Preview Assets.xcassets */; };
		4CD740C02ABB355F004DD661 /* Persistence.swift in Sources */ = {isa = PBXBuildFile; fileRef = 4CD740BF2ABB355F004DD661 /* Persistence.swift */; };
		4CD740C32ABB355F004DD661 /* Tingle.xcdatamodeld in Sources */ = {isa = PBXBuildFile; fileRef = 4CD740C12ABB355F004DD661 /* Tingle.xcdatamodeld */; };
		4CD740CD2ABB355F004DD661 /* TingleTests.swift in Sources */ = {isa = PBXBuildFile; fileRef = 4CD740CC2ABB355F004DD661 /* TingleTests.swift */; };
		4CD740D72ABB355F004DD661 /* TingleUITests.swift in Sources */ = {isa = PBXBuildFile; fileRef = 4CD740D62ABB355F004DD661 /* TingleUITests.swift */; };
		4CD740D92ABB355F004DD661 /* TingleUITestsLaunchTests.swift in Sources */ = {isa = PBXBuildFile; fileRef = 4CD740D82ABB355F004DD661 /* TingleUITestsLaunchTests.swift */; };
		4CD740F12ABB35E4004DD661 /* HttpMethod.swift in Sources */ = {isa = PBXBuildFile; fileRef = 4CD740E82ABB35E4004DD661 /* HttpMethod.swift */; };
		4CD740F22ABB35E4004DD661 /* RequestBuilder.swift in Sources */ = {isa = PBXBuildFile; fileRef = 4CD740E92ABB35E4004DD661 /* RequestBuilder.swift */; };
		4CD740F32ABB35E4004DD661 /* BaseRouter.swift in Sources */ = {isa = PBXBuildFile; fileRef = 4CD740EA2ABB35E4004DD661 /* BaseRouter.swift */; };
		4CD740F42ABB35E4004DD661 /* NetworkReachability.swift in Sources */ = {isa = PBXBuildFile; fileRef = 4CD740EB2ABB35E4004DD661 /* NetworkReachability.swift */; };
		4CD740F52ABB35E4004DD661 /* RequestRouter.swift in Sources */ = {isa = PBXBuildFile; fileRef = 4CD740EC2ABB35E4004DD661 /* RequestRouter.swift */; };
		4CD740F62ABB35E4004DD661 /* NetworkingManger.swift in Sources */ = {isa = PBXBuildFile; fileRef = 4CD740ED2ABB35E4004DD661 /* NetworkingManger.swift */; };
		4CD740F72ABB35E4004DD661 /* ErrorCode.swift in Sources */ = {isa = PBXBuildFile; fileRef = 4CD740EF2ABB35E4004DD661 /* ErrorCode.swift */; };
		4CD740F82ABB35E4004DD661 /* APIError.swift in Sources */ = {isa = PBXBuildFile; fileRef = 4CD740F02ABB35E4004DD661 /* APIError.swift */; };
		4CD740FA2ABB381C004DD661 /* PostsListViewModel.swift in Sources */ = {isa = PBXBuildFile; fileRef = 4CD740F92ABB381C004DD661 /* PostsListViewModel.swift */; };
		4CD740FD2ABB3C59004DD661 /* PostsModel.swift in Sources */ = {isa = PBXBuildFile; fileRef = 4CD740FC2ABB3C59004DD661 /* PostsModel.swift */; };
		4CD740FF2ABB3C5B004DD661 /* AuthModel.swift in Sources */ = {isa = PBXBuildFile; fileRef = 4CD740FE2ABB3C5B004DD661 /* AuthModel.swift */; };
		4CD741022ABB4161004DD661 /* BaseRouterProtocol.swift in Sources */ = {isa = PBXBuildFile; fileRef = 4CD741012ABB4161004DD661 /* BaseRouterProtocol.swift */; };
		4CD7410A2ABB44D1004DD661 /* AuthenticationView.swift in Sources */ = {isa = PBXBuildFile; fileRef = 4CD741092ABB44D1004DD661 /* AuthenticationView.swift */; };
		4CD7410C2ABB44DD004DD661 /* AuthenticationViewModel .swift in Sources */ = {isa = PBXBuildFile; fileRef = 4CD7410B2ABB44DD004DD661 /* AuthenticationViewModel .swift */; };
		4CD7410E2ABB4FF4004DD661 /* Color+Ext.swift in Sources */ = {isa = PBXBuildFile; fileRef = 4CD7410D2ABB4FF4004DD661 /* Color+Ext.swift */; };
		4CD741502ABB76D2004DD661 /* PostCustomView.swift in Sources */ = {isa = PBXBuildFile; fileRef = 4CD7414F2ABB76D2004DD661 /* PostCustomView.swift */; };
		4CD741522ABB9199004DD661 /* SearchBarView.swift in Sources */ = {isa = PBXBuildFile; fileRef = 4CD741512ABB9199004DD661 /* SearchBarView.swift */; };
		4CD741542ABB9441004DD661 /* AuthViewConstants.swift in Sources */ = {isa = PBXBuildFile; fileRef = 4CD741532ABB9441004DD661 /* AuthViewConstants.swift */; };
		4CD741562ABB97ED004DD661 /* AuthViewLibrary.swift in Sources */ = {isa = PBXBuildFile; fileRef = 4CD741552ABB97EC004DD661 /* AuthViewLibrary.swift */; };
		4CD7415D2ABC7284004DD661 /* Model.swift in Sources */ = {isa = PBXBuildFile; fileRef = 4CD7415C2ABC7284004DD661 /* Model.swift */; };
		4CD7415F2ABC9837004DD661 /* RoundedView.swift in Sources */ = {isa = PBXBuildFile; fileRef = 4CD7415E2ABC9837004DD661 /* RoundedView.swift */; };
		4CD741612ABC984E004DD661 /* StringWrapper.swift in Sources */ = {isa = PBXBuildFile; fileRef = 4CD741602ABC984E004DD661 /* StringWrapper.swift */; };
		4CD741632ABC9D47004DD661 /* PostsViewLibrary.swift in Sources */ = {isa = PBXBuildFile; fileRef = 4CD741622ABC9D47004DD661 /* PostsViewLibrary.swift */; };
		4CD741652ABCF07B004DD661 /* AuthRepository.swift in Sources */ = {isa = PBXBuildFile; fileRef = 4CD741642ABCF07B004DD661 /* AuthRepository.swift */; };
		4CD7416A2ABCF798004DD661 /* AuthRepositoryProtocol.swift in Sources */ = {isa = PBXBuildFile; fileRef = 4CD741692ABCF798004DD661 /* AuthRepositoryProtocol.swift */; };
		4CD7416D2ABCFB49004DD661 /* AuthUserCachedModel.swift in Sources */ = {isa = PBXBuildFile; fileRef = 4CD7416C2ABCFB49004DD661 /* AuthUserCachedModel.swift */; };
		4CD7416F2ABCFB64004DD661 /* CoreDataCachable.swift in Sources */ = {isa = PBXBuildFile; fileRef = 4CD7416E2ABCFB64004DD661 /* CoreDataCachable.swift */; };
/* End PBXBuildFile section */

/* Begin PBXContainerItemProxy section */
		4CD740C92ABB355F004DD661 /* PBXContainerItemProxy */ = {
			isa = PBXContainerItemProxy;
			containerPortal = 4CD740AB2ABB355C004DD661 /* Project object */;
			proxyType = 1;
			remoteGlobalIDString = 4CD740B22ABB355C004DD661;
			remoteInfo = Tingle;
		};
		4CD740D32ABB355F004DD661 /* PBXContainerItemProxy */ = {
			isa = PBXContainerItemProxy;
			containerPortal = 4CD740AB2ABB355C004DD661 /* Project object */;
			proxyType = 1;
			remoteGlobalIDString = 4CD740B22ABB355C004DD661;
			remoteInfo = Tingle;
		};
/* End PBXContainerItemProxy section */

/* Begin PBXFileReference section */
		4CD740B32ABB355C004DD661 /* Tingle.app */ = {isa = PBXFileReference; explicitFileType = wrapper.application; includeInIndex = 0; path = Tingle.app; sourceTree = BUILT_PRODUCTS_DIR; };
		4CD740B62ABB355C004DD661 /* TingleApp.swift */ = {isa = PBXFileReference; lastKnownFileType = sourcecode.swift; path = TingleApp.swift; sourceTree = "<group>"; };
		4CD740B82ABB355C004DD661 /* PostsListView.swift */ = {isa = PBXFileReference; lastKnownFileType = sourcecode.swift; path = PostsListView.swift; sourceTree = "<group>"; };
		4CD740BA2ABB355F004DD661 /* Assets.xcassets */ = {isa = PBXFileReference; lastKnownFileType = folder.assetcatalog; path = Assets.xcassets; sourceTree = "<group>"; };
		4CD740BD2ABB355F004DD661 /* Preview Assets.xcassets */ = {isa = PBXFileReference; lastKnownFileType = folder.assetcatalog; path = "Preview Assets.xcassets"; sourceTree = "<group>"; };
		4CD740BF2ABB355F004DD661 /* Persistence.swift */ = {isa = PBXFileReference; lastKnownFileType = sourcecode.swift; path = Persistence.swift; sourceTree = "<group>"; };
		4CD740C22ABB355F004DD661 /* Tingle.xcdatamodel */ = {isa = PBXFileReference; lastKnownFileType = wrapper.xcdatamodel; path = Tingle.xcdatamodel; sourceTree = "<group>"; };
		4CD740C82ABB355F004DD661 /* TingleTests.xctest */ = {isa = PBXFileReference; explicitFileType = wrapper.cfbundle; includeInIndex = 0; path = TingleTests.xctest; sourceTree = BUILT_PRODUCTS_DIR; };
		4CD740CC2ABB355F004DD661 /* TingleTests.swift */ = {isa = PBXFileReference; lastKnownFileType = sourcecode.swift; path = TingleTests.swift; sourceTree = "<group>"; };
		4CD740D22ABB355F004DD661 /* TingleUITests.xctest */ = {isa = PBXFileReference; explicitFileType = wrapper.cfbundle; includeInIndex = 0; path = TingleUITests.xctest; sourceTree = BUILT_PRODUCTS_DIR; };
		4CD740D62ABB355F004DD661 /* TingleUITests.swift */ = {isa = PBXFileReference; lastKnownFileType = sourcecode.swift; path = TingleUITests.swift; sourceTree = "<group>"; };
		4CD740D82ABB355F004DD661 /* TingleUITestsLaunchTests.swift */ = {isa = PBXFileReference; lastKnownFileType = sourcecode.swift; path = TingleUITestsLaunchTests.swift; sourceTree = "<group>"; };
		4CD740E82ABB35E4004DD661 /* HttpMethod.swift */ = {isa = PBXFileReference; fileEncoding = 4; lastKnownFileType = sourcecode.swift; path = HttpMethod.swift; sourceTree = "<group>"; };
		4CD740E92ABB35E4004DD661 /* RequestBuilder.swift */ = {isa = PBXFileReference; fileEncoding = 4; lastKnownFileType = sourcecode.swift; path = RequestBuilder.swift; sourceTree = "<group>"; };
		4CD740EA2ABB35E4004DD661 /* BaseRouter.swift */ = {isa = PBXFileReference; fileEncoding = 4; lastKnownFileType = sourcecode.swift; path = BaseRouter.swift; sourceTree = "<group>"; };
		4CD740EB2ABB35E4004DD661 /* NetworkReachability.swift */ = {isa = PBXFileReference; fileEncoding = 4; lastKnownFileType = sourcecode.swift; path = NetworkReachability.swift; sourceTree = "<group>"; };
		4CD740EC2ABB35E4004DD661 /* RequestRouter.swift */ = {isa = PBXFileReference; fileEncoding = 4; lastKnownFileType = sourcecode.swift; path = RequestRouter.swift; sourceTree = "<group>"; };
		4CD740ED2ABB35E4004DD661 /* NetworkingManger.swift */ = {isa = PBXFileReference; fileEncoding = 4; lastKnownFileType = sourcecode.swift; path = NetworkingManger.swift; sourceTree = "<group>"; };
		4CD740EF2ABB35E4004DD661 /* ErrorCode.swift */ = {isa = PBXFileReference; fileEncoding = 4; lastKnownFileType = sourcecode.swift; path = ErrorCode.swift; sourceTree = "<group>"; };
		4CD740F02ABB35E4004DD661 /* APIError.swift */ = {isa = PBXFileReference; fileEncoding = 4; lastKnownFileType = sourcecode.swift; path = APIError.swift; sourceTree = "<group>"; };
		4CD740F92ABB381C004DD661 /* PostsListViewModel.swift */ = {isa = PBXFileReference; lastKnownFileType = sourcecode.swift; path = PostsListViewModel.swift; sourceTree = "<group>"; };
		4CD740FC2ABB3C59004DD661 /* PostsModel.swift */ = {isa = PBXFileReference; lastKnownFileType = sourcecode.swift; path = PostsModel.swift; sourceTree = "<group>"; };
		4CD740FE2ABB3C5B004DD661 /* AuthModel.swift */ = {isa = PBXFileReference; lastKnownFileType = sourcecode.swift; path = AuthModel.swift; sourceTree = "<group>"; };
		4CD741012ABB4161004DD661 /* BaseRouterProtocol.swift */ = {isa = PBXFileReference; lastKnownFileType = sourcecode.swift; path = BaseRouterProtocol.swift; sourceTree = "<group>"; };
		4CD741092ABB44D1004DD661 /* AuthenticationView.swift */ = {isa = PBXFileReference; lastKnownFileType = sourcecode.swift; path = AuthenticationView.swift; sourceTree = "<group>"; };
		4CD7410B2ABB44DD004DD661 /* AuthenticationViewModel .swift */ = {isa = PBXFileReference; lastKnownFileType = sourcecode.swift; path = "AuthenticationViewModel .swift"; sourceTree = "<group>"; };
		4CD7410D2ABB4FF4004DD661 /* Color+Ext.swift */ = {isa = PBXFileReference; lastKnownFileType = sourcecode.swift; path = "Color+Ext.swift"; sourceTree = "<group>"; };
		4CD7414F2ABB76D2004DD661 /* PostCustomView.swift */ = {isa = PBXFileReference; lastKnownFileType = sourcecode.swift; path = PostCustomView.swift; sourceTree = "<group>"; };
		4CD741512ABB9199004DD661 /* SearchBarView.swift */ = {isa = PBXFileReference; lastKnownFileType = sourcecode.swift; path = SearchBarView.swift; sourceTree = "<group>"; };
		4CD741532ABB9441004DD661 /* AuthViewConstants.swift */ = {isa = PBXFileReference; lastKnownFileType = sourcecode.swift; path = AuthViewConstants.swift; sourceTree = "<group>"; };
		4CD741552ABB97EC004DD661 /* AuthViewLibrary.swift */ = {isa = PBXFileReference; lastKnownFileType = sourcecode.swift; path = AuthViewLibrary.swift; sourceTree = "<group>"; };
		4CD7415C2ABC7284004DD661 /* Model.swift */ = {isa = PBXFileReference; lastKnownFileType = sourcecode.swift; path = Model.swift; sourceTree = "<group>"; };
		4CD7415E2ABC9837004DD661 /* RoundedView.swift */ = {isa = PBXFileReference; lastKnownFileType = sourcecode.swift; path = RoundedView.swift; sourceTree = "<group>"; };
		4CD741602ABC984E004DD661 /* StringWrapper.swift */ = {isa = PBXFileReference; lastKnownFileType = sourcecode.swift; path = StringWrapper.swift; sourceTree = "<group>"; };
		4CD741622ABC9D47004DD661 /* PostsViewLibrary.swift */ = {isa = PBXFileReference; lastKnownFileType = sourcecode.swift; path = PostsViewLibrary.swift; sourceTree = "<group>"; };
		4CD741642ABCF07B004DD661 /* AuthRepository.swift */ = {isa = PBXFileReference; lastKnownFileType = sourcecode.swift; path = AuthRepository.swift; sourceTree = "<group>"; };
		4CD741692ABCF798004DD661 /* AuthRepositoryProtocol.swift */ = {isa = PBXFileReference; lastKnownFileType = sourcecode.swift; path = AuthRepositoryProtocol.swift; sourceTree = "<group>"; };
		4CD7416C2ABCFB49004DD661 /* AuthUserCachedModel.swift */ = {isa = PBXFileReference; lastKnownFileType = sourcecode.swift; path = AuthUserCachedModel.swift; sourceTree = "<group>"; };
		4CD7416E2ABCFB64004DD661 /* CoreDataCachable.swift */ = {isa = PBXFileReference; lastKnownFileType = sourcecode.swift; path = CoreDataCachable.swift; sourceTree = "<group>"; };
/* End PBXFileReference section */

/* Begin PBXFrameworksBuildPhase section */
		4CD740B02ABB355C004DD661 /* Frameworks */ = {
			isa = PBXFrameworksBuildPhase;
			buildActionMask = 2147483647;
			files = (
			);
			runOnlyForDeploymentPostprocessing = 0;
		};
		4CD740C52ABB355F004DD661 /* Frameworks */ = {
			isa = PBXFrameworksBuildPhase;
			buildActionMask = 2147483647;
			files = (
			);
			runOnlyForDeploymentPostprocessing = 0;
		};
		4CD740CF2ABB355F004DD661 /* Frameworks */ = {
			isa = PBXFrameworksBuildPhase;
			buildActionMask = 2147483647;
			files = (
			);
			runOnlyForDeploymentPostprocessing = 0;
		};
/* End PBXFrameworksBuildPhase section */

/* Begin PBXGroup section */
		4CD740AA2ABB355C004DD661 = {
			isa = PBXGroup;
			children = (
				4CD740B52ABB355C004DD661 /* Tingle */,
				4CD740CB2ABB355F004DD661 /* TingleTests */,
				4CD740D52ABB355F004DD661 /* TingleUITests */,
				4CD740B42ABB355C004DD661 /* Products */,
			);
			sourceTree = "<group>";
		};
		4CD740B42ABB355C004DD661 /* Products */ = {
			isa = PBXGroup;
			children = (
				4CD740B32ABB355C004DD661 /* Tingle.app */,
				4CD740C82ABB355F004DD661 /* TingleTests.xctest */,
				4CD740D22ABB355F004DD661 /* TingleUITests.xctest */,
			);
			name = Products;
			sourceTree = "<group>";
		};
		4CD740B52ABB355C004DD661 /* Tingle */ = {
			isa = PBXGroup;
			children = (
				4CD741042ABB4239004DD661 /* Main */,
				4CD741052ABB4240004DD661 /* Modules */,
				4CD740E52ABB3573004DD661 /* Helper */,
				4CD741032ABB4230004DD661 /* Resources */,
				4CD740BC2ABB355F004DD661 /* Preview Content */,
			);
			path = Tingle;
			sourceTree = "<group>";
		};
		4CD740BC2ABB355F004DD661 /* Preview Content */ = {
			isa = PBXGroup;
			children = (
				4CD740BD2ABB355F004DD661 /* Preview Assets.xcassets */,
			);
			path = "Preview Content";
			sourceTree = "<group>";
		};
		4CD740CB2ABB355F004DD661 /* TingleTests */ = {
			isa = PBXGroup;
			children = (
				4CD740CC2ABB355F004DD661 /* TingleTests.swift */,
			);
			path = TingleTests;
			sourceTree = "<group>";
		};
		4CD740D52ABB355F004DD661 /* TingleUITests */ = {
			isa = PBXGroup;
			children = (
				4CD740D62ABB355F004DD661 /* TingleUITests.swift */,
				4CD740D82ABB355F004DD661 /* TingleUITestsLaunchTests.swift */,
			);
			path = TingleUITests;
			sourceTree = "<group>";
		};
		4CD740E52ABB3573004DD661 /* Helper */ = {
			isa = PBXGroup;
			children = (
				4CD740E62ABB35E4004DD661 /* NetworkingLayer */,
				4CD740FB2ABB3C53004DD661 /* Models */,
				4CD7410F2ABB4FFE004DD661 /* Extension */,
			);
			path = Helper;
			sourceTree = "<group>";
		};
		4CD740E62ABB35E4004DD661 /* NetworkingLayer */ = {
			isa = PBXGroup;
			children = (
				4CD740ED2ABB35E4004DD661 /* NetworkingManger.swift */,
				4CD741002ABB414D004DD661 /* NetworkRouter */,
				4CD740E72ABB35E4004DD661 /* Others */,
				4CD740EE2ABB35E4004DD661 /* Error */,
			);
			path = NetworkingLayer;
			sourceTree = "<group>";
		};
		4CD740E72ABB35E4004DD661 /* Others */ = {
			isa = PBXGroup;
			children = (
				4CD740E82ABB35E4004DD661 /* HttpMethod.swift */,
				4CD740EB2ABB35E4004DD661 /* NetworkReachability.swift */,
			);
			path = Others;
			sourceTree = "<group>";
		};
		4CD740EE2ABB35E4004DD661 /* Error */ = {
			isa = PBXGroup;
			children = (
				4CD740EF2ABB35E4004DD661 /* ErrorCode.swift */,
				4CD740F02ABB35E4004DD661 /* APIError.swift */,
			);
			path = Error;
			sourceTree = "<group>";
		};
		4CD740FB2ABB3C53004DD661 /* Models */ = {
			isa = PBXGroup;
			children = (
				4CD740FC2ABB3C59004DD661 /* PostsModel.swift */,
				4CD740FE2ABB3C5B004DD661 /* AuthModel.swift */,
			);
			path = Models;
			sourceTree = "<group>";
		};
		4CD741002ABB414D004DD661 /* NetworkRouter */ = {
			isa = PBXGroup;
			children = (
				4CD741012ABB4161004DD661 /* BaseRouterProtocol.swift */,
				4CD740EA2ABB35E4004DD661 /* BaseRouter.swift */,
				4CD740E92ABB35E4004DD661 /* RequestBuilder.swift */,
				4CD740EC2ABB35E4004DD661 /* RequestRouter.swift */,
			);
			path = NetworkRouter;
			sourceTree = "<group>";
		};
		4CD741032ABB4230004DD661 /* Resources */ = {
			isa = PBXGroup;
			children = (
				4CD740BF2ABB355F004DD661 /* Persistence.swift */,
				4CD740BA2ABB355F004DD661 /* Assets.xcassets */,
				4CD740C12ABB355F004DD661 /* Tingle.xcdatamodeld */,
			);
			path = Resources;
			sourceTree = "<group>";
		};
		4CD741042ABB4239004DD661 /* Main */ = {
			isa = PBXGroup;
			children = (
				4CD740B62ABB355C004DD661 /* TingleApp.swift */,
			);
			path = Main;
			sourceTree = "<group>";
		};
		4CD741052ABB4240004DD661 /* Modules */ = {
			isa = PBXGroup;
			children = (
				4CD741062ABB4253004DD661 /* PostsModule */,
				4CD741072ABB425E004DD661 /* AuthenticationModule */,
			);
			path = Modules;
			sourceTree = "<group>";
		};
		4CD741062ABB4253004DD661 /* PostsModule */ = {
			isa = PBXGroup;
			children = (
				4CD740B82ABB355C004DD661 /* PostsListView.swift */,
				4CD741622ABC9D47004DD661 /* PostsViewLibrary.swift */,
				4CD740F92ABB381C004DD661 /* PostsListViewModel.swift */,
				4CD7414F2ABB76D2004DD661 /* PostCustomView.swift */,
				4CD741512ABB9199004DD661 /* SearchBarView.swift */,
				4CD7415C2ABC7284004DD661 /* Model.swift */,
			);
			path = PostsModule;
			sourceTree = "<group>";
		};
		4CD741072ABB425E004DD661 /* AuthenticationModule */ = {
			isa = PBXGroup;
			children = (
				4CD741722ABCFCB8004DD661 /* View */,
				4CD741702ABCFCA4004DD661 /* ViewModel */,
				4CD741682ABCF78C004DD661 /* Repository */,
				4CD741712ABCFCAC004DD661 /* Constants */,
				4CD7416B2ABCFB3E004DD661 /* CoreDataModel */,
			);
			path = AuthenticationModule;
			sourceTree = "<group>";
		};
		4CD7410F2ABB4FFE004DD661 /* Extension */ = {
			isa = PBXGroup;
			children = (
				4CD7416E2ABCFB64004DD661 /* CoreDataCachable.swift */,
				4CD7410D2ABB4FF4004DD661 /* Color+Ext.swift */,
				4CD7415E2ABC9837004DD661 /* RoundedView.swift */,
				4CD741602ABC984E004DD661 /* StringWrapper.swift */,
			);
			path = Extension;
			sourceTree = "<group>";
		};
		4CD741682ABCF78C004DD661 /* Repository */ = {
			isa = PBXGroup;
			children = (
				4CD741642ABCF07B004DD661 /* AuthRepository.swift */,
				4CD741692ABCF798004DD661 /* AuthRepositoryProtocol.swift */,
			);
			path = Repository;
			sourceTree = "<group>";
		};
		4CD7416B2ABCFB3E004DD661 /* CoreDataModel */ = {
			isa = PBXGroup;
			children = (
				4CD7416C2ABCFB49004DD661 /* AuthUserCachedModel.swift */,
			);
			path = CoreDataModel;
			sourceTree = "<group>";
		};
		4CD741702ABCFCA4004DD661 /* ViewModel */ = {
			isa = PBXGroup;
			children = (
				4CD7410B2ABB44DD004DD661 /* AuthenticationViewModel .swift */,
			);
			path = ViewModel;
			sourceTree = "<group>";
		};
		4CD741712ABCFCAC004DD661 /* Constants */ = {
			isa = PBXGroup;
			children = (
				4CD741532ABB9441004DD661 /* AuthViewConstants.swift */,
			);
			path = Constants;
			sourceTree = "<group>";
		};
		4CD741722ABCFCB8004DD661 /* View */ = {
			isa = PBXGroup;
			children = (
				4CD741092ABB44D1004DD661 /* AuthenticationView.swift */,
				4CD741552ABB97EC004DD661 /* AuthViewLibrary.swift */,
			);
			path = View;
			sourceTree = "<group>";
		};
/* End PBXGroup section */

/* Begin PBXNativeTarget section */
		4CD740B22ABB355C004DD661 /* Tingle */ = {
			isa = PBXNativeTarget;
			buildConfigurationList = 4CD740DC2ABB355F004DD661 /* Build configuration list for PBXNativeTarget "Tingle" */;
			buildPhases = (
				4CD740AF2ABB355C004DD661 /* Sources */,
				4CD740B02ABB355C004DD661 /* Frameworks */,
				4CD740B12ABB355C004DD661 /* Resources */,
			);
			buildRules = (
			);
			dependencies = (
			);
			name = Tingle;
			productName = Tingle;
			productReference = 4CD740B32ABB355C004DD661 /* Tingle.app */;
			productType = "com.apple.product-type.application";
		};
		4CD740C72ABB355F004DD661 /* TingleTests */ = {
			isa = PBXNativeTarget;
			buildConfigurationList = 4CD740DF2ABB355F004DD661 /* Build configuration list for PBXNativeTarget "TingleTests" */;
			buildPhases = (
				4CD740C42ABB355F004DD661 /* Sources */,
				4CD740C52ABB355F004DD661 /* Frameworks */,
				4CD740C62ABB355F004DD661 /* Resources */,
			);
			buildRules = (
			);
			dependencies = (
				4CD740CA2ABB355F004DD661 /* PBXTargetDependency */,
			);
			name = TingleTests;
			productName = TingleTests;
			productReference = 4CD740C82ABB355F004DD661 /* TingleTests.xctest */;
			productType = "com.apple.product-type.bundle.unit-test";
		};
		4CD740D12ABB355F004DD661 /* TingleUITests */ = {
			isa = PBXNativeTarget;
			buildConfigurationList = 4CD740E22ABB355F004DD661 /* Build configuration list for PBXNativeTarget "TingleUITests" */;
			buildPhases = (
				4CD740CE2ABB355F004DD661 /* Sources */,
				4CD740CF2ABB355F004DD661 /* Frameworks */,
				4CD740D02ABB355F004DD661 /* Resources */,
			);
			buildRules = (
			);
			dependencies = (
				4CD740D42ABB355F004DD661 /* PBXTargetDependency */,
			);
			name = TingleUITests;
			productName = TingleUITests;
			productReference = 4CD740D22ABB355F004DD661 /* TingleUITests.xctest */;
			productType = "com.apple.product-type.bundle.ui-testing";
		};
/* End PBXNativeTarget section */

/* Begin PBXProject section */
		4CD740AB2ABB355C004DD661 /* Project object */ = {
			isa = PBXProject;
			attributes = {
				BuildIndependentTargetsInParallel = 1;
				LastSwiftUpdateCheck = 1430;
				LastUpgradeCheck = 1430;
				TargetAttributes = {
					4CD740B22ABB355C004DD661 = {
						CreatedOnToolsVersion = 14.3;
					};
					4CD740C72ABB355F004DD661 = {
						CreatedOnToolsVersion = 14.3;
						TestTargetID = 4CD740B22ABB355C004DD661;
					};
					4CD740D12ABB355F004DD661 = {
						CreatedOnToolsVersion = 14.3;
						TestTargetID = 4CD740B22ABB355C004DD661;
					};
				};
			};
			buildConfigurationList = 4CD740AE2ABB355C004DD661 /* Build configuration list for PBXProject "Tingle" */;
			compatibilityVersion = "Xcode 14.0";
			developmentRegion = en;
			hasScannedForEncodings = 0;
			knownRegions = (
				en,
				Base,
			);
			mainGroup = 4CD740AA2ABB355C004DD661;
			productRefGroup = 4CD740B42ABB355C004DD661 /* Products */;
			projectDirPath = "";
			projectRoot = "";
			targets = (
				4CD740B22ABB355C004DD661 /* Tingle */,
				4CD740C72ABB355F004DD661 /* TingleTests */,
				4CD740D12ABB355F004DD661 /* TingleUITests */,
			);
		};
/* End PBXProject section */

/* Begin PBXResourcesBuildPhase section */
		4CD740B12ABB355C004DD661 /* Resources */ = {
			isa = PBXResourcesBuildPhase;
			buildActionMask = 2147483647;
			files = (
				4CD740BE2ABB355F004DD661 /* Preview Assets.xcassets in Resources */,
				4CD740BB2ABB355F004DD661 /* Assets.xcassets in Resources */,
			);
			runOnlyForDeploymentPostprocessing = 0;
		};
		4CD740C62ABB355F004DD661 /* Resources */ = {
			isa = PBXResourcesBuildPhase;
			buildActionMask = 2147483647;
			files = (
			);
			runOnlyForDeploymentPostprocessing = 0;
		};
		4CD740D02ABB355F004DD661 /* Resources */ = {
			isa = PBXResourcesBuildPhase;
			buildActionMask = 2147483647;
			files = (
			);
			runOnlyForDeploymentPostprocessing = 0;
		};
/* End PBXResourcesBuildPhase section */

/* Begin PBXSourcesBuildPhase section */
		4CD740AF2ABB355C004DD661 /* Sources */ = {
			isa = PBXSourcesBuildPhase;
			buildActionMask = 2147483647;
			files = (
				4CD740C02ABB355F004DD661 /* Persistence.swift in Sources */,
				4CD741022ABB4161004DD661 /* BaseRouterProtocol.swift in Sources */,
				4CD740B92ABB355C004DD661 /* PostsListView.swift in Sources */,
				4CD740F32ABB35E4004DD661 /* BaseRouter.swift in Sources */,
				4CD740F62ABB35E4004DD661 /* NetworkingManger.swift in Sources */,
				4CD741652ABCF07B004DD661 /* AuthRepository.swift in Sources */,
				4CD741562ABB97ED004DD661 /* AuthViewLibrary.swift in Sources */,
				4CD741502ABB76D2004DD661 /* PostCustomView.swift in Sources */,
				4CD740C32ABB355F004DD661 /* Tingle.xcdatamodeld in Sources */,
				4CD740F22ABB35E4004DD661 /* RequestBuilder.swift in Sources */,
				4CD740F82ABB35E4004DD661 /* APIError.swift in Sources */,
				4CD7416A2ABCF798004DD661 /* AuthRepositoryProtocol.swift in Sources */,
				4CD7415D2ABC7284004DD661 /* Model.swift in Sources */,
				4CD740FF2ABB3C5B004DD661 /* AuthModel.swift in Sources */,
				4CD7416F2ABCFB64004DD661 /* CoreDataCachable.swift in Sources */,
				4CD741522ABB9199004DD661 /* SearchBarView.swift in Sources */,
				4CD740B72ABB355C004DD661 /* TingleApp.swift in Sources */,
				4CD740F72ABB35E4004DD661 /* ErrorCode.swift in Sources */,
				4CD7410C2ABB44DD004DD661 /* AuthenticationViewModel .swift in Sources */,
				4CD741632ABC9D47004DD661 /* PostsViewLibrary.swift in Sources */,
				4CD741542ABB9441004DD661 /* AuthViewConstants.swift in Sources */,
				4CD740FD2ABB3C59004DD661 /* PostsModel.swift in Sources */,
				4CD741612ABC984E004DD661 /* StringWrapper.swift in Sources */,
				4CD740F12ABB35E4004DD661 /* HttpMethod.swift in Sources */,
				4CD7415F2ABC9837004DD661 /* RoundedView.swift in Sources */,
				4CD7410A2ABB44D1004DD661 /* AuthenticationView.swift in Sources */,
				4CD7416D2ABCFB49004DD661 /* AuthUserCachedModel.swift in Sources */,
				4CD740FA2ABB381C004DD661 /* PostsListViewModel.swift in Sources */,
				4CD740F42ABB35E4004DD661 /* NetworkReachability.swift in Sources */,
				4CD7410E2ABB4FF4004DD661 /* Color+Ext.swift in Sources */,
				4CD740F52ABB35E4004DD661 /* RequestRouter.swift in Sources */,
			);
			runOnlyForDeploymentPostprocessing = 0;
		};
		4CD740C42ABB355F004DD661 /* Sources */ = {
			isa = PBXSourcesBuildPhase;
			buildActionMask = 2147483647;
			files = (
				4CD740CD2ABB355F004DD661 /* TingleTests.swift in Sources */,
			);
			runOnlyForDeploymentPostprocessing = 0;
		};
		4CD740CE2ABB355F004DD661 /* Sources */ = {
			isa = PBXSourcesBuildPhase;
			buildActionMask = 2147483647;
			files = (
				4CD740D72ABB355F004DD661 /* TingleUITests.swift in Sources */,
				4CD740D92ABB355F004DD661 /* TingleUITestsLaunchTests.swift in Sources */,
			);
			runOnlyForDeploymentPostprocessing = 0;
		};
/* End PBXSourcesBuildPhase section */

/* Begin PBXTargetDependency section */
		4CD740CA2ABB355F004DD661 /* PBXTargetDependency */ = {
			isa = PBXTargetDependency;
			target = 4CD740B22ABB355C004DD661 /* Tingle */;
			targetProxy = 4CD740C92ABB355F004DD661 /* PBXContainerItemProxy */;
		};
		4CD740D42ABB355F004DD661 /* PBXTargetDependency */ = {
			isa = PBXTargetDependency;
			target = 4CD740B22ABB355C004DD661 /* Tingle */;
			targetProxy = 4CD740D32ABB355F004DD661 /* PBXContainerItemProxy */;
		};
/* End PBXTargetDependency section */

/* Begin XCBuildConfiguration section */
		4CD740DA2ABB355F004DD661 /* Debug */ = {
			isa = XCBuildConfiguration;
			buildSettings = {
				ALWAYS_SEARCH_USER_PATHS = NO;
				CLANG_ANALYZER_NONNULL = YES;
				CLANG_ANALYZER_NUMBER_OBJECT_CONVERSION = YES_AGGRESSIVE;
				CLANG_CXX_LANGUAGE_STANDARD = "gnu++20";
				CLANG_ENABLE_MODULES = YES;
				CLANG_ENABLE_OBJC_ARC = YES;
				CLANG_ENABLE_OBJC_WEAK = YES;
				CLANG_WARN_BLOCK_CAPTURE_AUTORELEASING = YES;
				CLANG_WARN_BOOL_CONVERSION = YES;
				CLANG_WARN_COMMA = YES;
				CLANG_WARN_CONSTANT_CONVERSION = YES;
				CLANG_WARN_DEPRECATED_OBJC_IMPLEMENTATIONS = YES;
				CLANG_WARN_DIRECT_OBJC_ISA_USAGE = YES_ERROR;
				CLANG_WARN_DOCUMENTATION_COMMENTS = YES;
				CLANG_WARN_EMPTY_BODY = YES;
				CLANG_WARN_ENUM_CONVERSION = YES;
				CLANG_WARN_INFINITE_RECURSION = YES;
				CLANG_WARN_INT_CONVERSION = YES;
				CLANG_WARN_NON_LITERAL_NULL_CONVERSION = YES;
				CLANG_WARN_OBJC_IMPLICIT_RETAIN_SELF = YES;
				CLANG_WARN_OBJC_LITERAL_CONVERSION = YES;
				CLANG_WARN_OBJC_ROOT_CLASS = YES_ERROR;
				CLANG_WARN_QUOTED_INCLUDE_IN_FRAMEWORK_HEADER = YES;
				CLANG_WARN_RANGE_LOOP_ANALYSIS = YES;
				CLANG_WARN_STRICT_PROTOTYPES = YES;
				CLANG_WARN_SUSPICIOUS_MOVE = YES;
				CLANG_WARN_UNGUARDED_AVAILABILITY = YES_AGGRESSIVE;
				CLANG_WARN_UNREACHABLE_CODE = YES;
				CLANG_WARN__DUPLICATE_METHOD_MATCH = YES;
				COPY_PHASE_STRIP = NO;
				DEBUG_INFORMATION_FORMAT = dwarf;
				ENABLE_STRICT_OBJC_MSGSEND = YES;
				ENABLE_TESTABILITY = YES;
				GCC_C_LANGUAGE_STANDARD = gnu11;
				GCC_DYNAMIC_NO_PIC = NO;
				GCC_NO_COMMON_BLOCKS = YES;
				GCC_OPTIMIZATION_LEVEL = 0;
				GCC_PREPROCESSOR_DEFINITIONS = (
					"DEBUG=1",
					"$(inherited)",
				);
				GCC_WARN_64_TO_32_BIT_CONVERSION = YES;
				GCC_WARN_ABOUT_RETURN_TYPE = YES_ERROR;
				GCC_WARN_UNDECLARED_SELECTOR = YES;
				GCC_WARN_UNINITIALIZED_AUTOS = YES_AGGRESSIVE;
				GCC_WARN_UNUSED_FUNCTION = YES;
				GCC_WARN_UNUSED_VARIABLE = YES;
				IPHONEOS_DEPLOYMENT_TARGET = 16.4;
				MTL_ENABLE_DEBUG_INFO = INCLUDE_SOURCE;
				MTL_FAST_MATH = YES;
				ONLY_ACTIVE_ARCH = YES;
				SDKROOT = iphoneos;
				SWIFT_ACTIVE_COMPILATION_CONDITIONS = DEBUG;
				SWIFT_OPTIMIZATION_LEVEL = "-Onone";
			};
			name = Debug;
		};
		4CD740DB2ABB355F004DD661 /* Release */ = {
			isa = XCBuildConfiguration;
			buildSettings = {
				ALWAYS_SEARCH_USER_PATHS = NO;
				CLANG_ANALYZER_NONNULL = YES;
				CLANG_ANALYZER_NUMBER_OBJECT_CONVERSION = YES_AGGRESSIVE;
				CLANG_CXX_LANGUAGE_STANDARD = "gnu++20";
				CLANG_ENABLE_MODULES = YES;
				CLANG_ENABLE_OBJC_ARC = YES;
				CLANG_ENABLE_OBJC_WEAK = YES;
				CLANG_WARN_BLOCK_CAPTURE_AUTORELEASING = YES;
				CLANG_WARN_BOOL_CONVERSION = YES;
				CLANG_WARN_COMMA = YES;
				CLANG_WARN_CONSTANT_CONVERSION = YES;
				CLANG_WARN_DEPRECATED_OBJC_IMPLEMENTATIONS = YES;
				CLANG_WARN_DIRECT_OBJC_ISA_USAGE = YES_ERROR;
				CLANG_WARN_DOCUMENTATION_COMMENTS = YES;
				CLANG_WARN_EMPTY_BODY = YES;
				CLANG_WARN_ENUM_CONVERSION = YES;
				CLANG_WARN_INFINITE_RECURSION = YES;
				CLANG_WARN_INT_CONVERSION = YES;
				CLANG_WARN_NON_LITERAL_NULL_CONVERSION = YES;
				CLANG_WARN_OBJC_IMPLICIT_RETAIN_SELF = YES;
				CLANG_WARN_OBJC_LITERAL_CONVERSION = YES;
				CLANG_WARN_OBJC_ROOT_CLASS = YES_ERROR;
				CLANG_WARN_QUOTED_INCLUDE_IN_FRAMEWORK_HEADER = YES;
				CLANG_WARN_RANGE_LOOP_ANALYSIS = YES;
				CLANG_WARN_STRICT_PROTOTYPES = YES;
				CLANG_WARN_SUSPICIOUS_MOVE = YES;
				CLANG_WARN_UNGUARDED_AVAILABILITY = YES_AGGRESSIVE;
				CLANG_WARN_UNREACHABLE_CODE = YES;
				CLANG_WARN__DUPLICATE_METHOD_MATCH = YES;
				COPY_PHASE_STRIP = NO;
				DEBUG_INFORMATION_FORMAT = "dwarf-with-dsym";
				ENABLE_NS_ASSERTIONS = NO;
				ENABLE_STRICT_OBJC_MSGSEND = YES;
				GCC_C_LANGUAGE_STANDARD = gnu11;
				GCC_NO_COMMON_BLOCKS = YES;
				GCC_WARN_64_TO_32_BIT_CONVERSION = YES;
				GCC_WARN_ABOUT_RETURN_TYPE = YES_ERROR;
				GCC_WARN_UNDECLARED_SELECTOR = YES;
				GCC_WARN_UNINITIALIZED_AUTOS = YES_AGGRESSIVE;
				GCC_WARN_UNUSED_FUNCTION = YES;
				GCC_WARN_UNUSED_VARIABLE = YES;
				IPHONEOS_DEPLOYMENT_TARGET = 16.4;
				MTL_ENABLE_DEBUG_INFO = NO;
				MTL_FAST_MATH = YES;
				SDKROOT = iphoneos;
				SWIFT_COMPILATION_MODE = wholemodule;
				SWIFT_OPTIMIZATION_LEVEL = "-O";
				VALIDATE_PRODUCT = YES;
			};
			name = Release;
		};
		4CD740DD2ABB355F004DD661 /* Debug */ = {
			isa = XCBuildConfiguration;
			buildSettings = {
				ASSETCATALOG_COMPILER_APPICON_NAME = AppIcon;
				ASSETCATALOG_COMPILER_GLOBAL_ACCENT_COLOR_NAME = AccentColor;
				CODE_SIGN_STYLE = Automatic;
				CURRENT_PROJECT_VERSION = 1;
				DEVELOPMENT_ASSET_PATHS = "\"Tingle/Preview Content\"";
				DEVELOPMENT_TEAM = 2JM7W65QBL;
				ENABLE_PREVIEWS = YES;
				GENERATE_INFOPLIST_FILE = YES;
				INFOPLIST_KEY_UIApplicationSceneManifest_Generation = YES;
				INFOPLIST_KEY_UIApplicationSupportsIndirectInputEvents = YES;
				INFOPLIST_KEY_UILaunchScreen_Generation = YES;
				INFOPLIST_KEY_UISupportedInterfaceOrientations_iPad = "UIInterfaceOrientationPortrait UIInterfaceOrientationPortraitUpsideDown UIInterfaceOrientationLandscapeLeft UIInterfaceOrientationLandscapeRight";
				INFOPLIST_KEY_UISupportedInterfaceOrientations_iPhone = "UIInterfaceOrientationPortrait UIInterfaceOrientationLandscapeLeft UIInterfaceOrientationLandscapeRight";
				IPHONEOS_DEPLOYMENT_TARGET = 15.0;
				LD_RUNPATH_SEARCH_PATHS = (
					"$(inherited)",
					"@executable_path/Frameworks",
				);
				MARKETING_VERSION = 1.0;
				PRODUCT_BUNDLE_IDENTIFIER = Extensions.Tingle;
				PRODUCT_NAME = "$(TARGET_NAME)";
				SWIFT_EMIT_LOC_STRINGS = YES;
				SWIFT_VERSION = 5.0;
				TARGETED_DEVICE_FAMILY = "1,2";
			};
			name = Debug;
		};
		4CD740DE2ABB355F004DD661 /* Release */ = {
			isa = XCBuildConfiguration;
			buildSettings = {
				ASSETCATALOG_COMPILER_APPICON_NAME = AppIcon;
				ASSETCATALOG_COMPILER_GLOBAL_ACCENT_COLOR_NAME = AccentColor;
				CODE_SIGN_STYLE = Automatic;
				CURRENT_PROJECT_VERSION = 1;
				DEVELOPMENT_ASSET_PATHS = "\"Tingle/Preview Content\"";
				DEVELOPMENT_TEAM = 2JM7W65QBL;
				ENABLE_PREVIEWS = YES;
				GENERATE_INFOPLIST_FILE = YES;
				INFOPLIST_KEY_UIApplicationSceneManifest_Generation = YES;
				INFOPLIST_KEY_UIApplicationSupportsIndirectInputEvents = YES;
				INFOPLIST_KEY_UILaunchScreen_Generation = YES;
				INFOPLIST_KEY_UISupportedInterfaceOrientations_iPad = "UIInterfaceOrientationPortrait UIInterfaceOrientationPortraitUpsideDown UIInterfaceOrientationLandscapeLeft UIInterfaceOrientationLandscapeRight";
				INFOPLIST_KEY_UISupportedInterfaceOrientations_iPhone = "UIInterfaceOrientationPortrait UIInterfaceOrientationLandscapeLeft UIInterfaceOrientationLandscapeRight";
				IPHONEOS_DEPLOYMENT_TARGET = 15.0;
				LD_RUNPATH_SEARCH_PATHS = (
					"$(inherited)",
					"@executable_path/Frameworks",
				);
				MARKETING_VERSION = 1.0;
				PRODUCT_BUNDLE_IDENTIFIER = Extensions.Tingle;
				PRODUCT_NAME = "$(TARGET_NAME)";
				SWIFT_EMIT_LOC_STRINGS = YES;
				SWIFT_VERSION = 5.0;
				TARGETED_DEVICE_FAMILY = "1,2";
			};
			name = Release;
		};
		4CD740E02ABB355F004DD661 /* Debug */ = {
			isa = XCBuildConfiguration;
			buildSettings = {
				ALWAYS_EMBED_SWIFT_STANDARD_LIBRARIES = YES;
				BUNDLE_LOADER = "$(TEST_HOST)";
				CODE_SIGN_STYLE = Automatic;
				CURRENT_PROJECT_VERSION = 1;
				DEVELOPMENT_TEAM = 2JM7W65QBL;
				GENERATE_INFOPLIST_FILE = YES;
				IPHONEOS_DEPLOYMENT_TARGET = 16.4;
				MARKETING_VERSION = 1.0;
				PRODUCT_BUNDLE_IDENTIFIER = Extensions.TingleTests;
				PRODUCT_NAME = "$(TARGET_NAME)";
				SWIFT_EMIT_LOC_STRINGS = NO;
				SWIFT_VERSION = 5.0;
				TARGETED_DEVICE_FAMILY = "1,2";
				TEST_HOST = "$(BUILT_PRODUCTS_DIR)/Tingle.app/$(BUNDLE_EXECUTABLE_FOLDER_PATH)/Tingle";
			};
			name = Debug;
		};
		4CD740E12ABB355F004DD661 /* Release */ = {
			isa = XCBuildConfiguration;
			buildSettings = {
				ALWAYS_EMBED_SWIFT_STANDARD_LIBRARIES = YES;
				BUNDLE_LOADER = "$(TEST_HOST)";
				CODE_SIGN_STYLE = Automatic;
				CURRENT_PROJECT_VERSION = 1;
				DEVELOPMENT_TEAM = 2JM7W65QBL;
				GENERATE_INFOPLIST_FILE = YES;
				IPHONEOS_DEPLOYMENT_TARGET = 16.4;
				MARKETING_VERSION = 1.0;
				PRODUCT_BUNDLE_IDENTIFIER = Extensions.TingleTests;
				PRODUCT_NAME = "$(TARGET_NAME)";
				SWIFT_EMIT_LOC_STRINGS = NO;
				SWIFT_VERSION = 5.0;
				TARGETED_DEVICE_FAMILY = "1,2";
				TEST_HOST = "$(BUILT_PRODUCTS_DIR)/Tingle.app/$(BUNDLE_EXECUTABLE_FOLDER_PATH)/Tingle";
			};
			name = Release;
		};
		4CD740E32ABB355F004DD661 /* Debug */ = {
			isa = XCBuildConfiguration;
			buildSettings = {
				ALWAYS_EMBED_SWIFT_STANDARD_LIBRARIES = YES;
				CODE_SIGN_STYLE = Automatic;
				CURRENT_PROJECT_VERSION = 1;
				DEVELOPMENT_TEAM = 2JM7W65QBL;
				GENERATE_INFOPLIST_FILE = YES;
				MARKETING_VERSION = 1.0;
				PRODUCT_BUNDLE_IDENTIFIER = Extensions.TingleUITests;
				PRODUCT_NAME = "$(TARGET_NAME)";
				SWIFT_EMIT_LOC_STRINGS = NO;
				SWIFT_VERSION = 5.0;
				TARGETED_DEVICE_FAMILY = "1,2";
				TEST_TARGET_NAME = Tingle;
			};
			name = Debug;
		};
		4CD740E42ABB355F004DD661 /* Release */ = {
			isa = XCBuildConfiguration;
			buildSettings = {
				ALWAYS_EMBED_SWIFT_STANDARD_LIBRARIES = YES;
				CODE_SIGN_STYLE = Automatic;
				CURRENT_PROJECT_VERSION = 1;
				DEVELOPMENT_TEAM = 2JM7W65QBL;
				GENERATE_INFOPLIST_FILE = YES;
				MARKETING_VERSION = 1.0;
				PRODUCT_BUNDLE_IDENTIFIER = Extensions.TingleUITests;
				PRODUCT_NAME = "$(TARGET_NAME)";
				SWIFT_EMIT_LOC_STRINGS = NO;
				SWIFT_VERSION = 5.0;
				TARGETED_DEVICE_FAMILY = "1,2";
				TEST_TARGET_NAME = Tingle;
			};
			name = Release;
		};
/* End XCBuildConfiguration section */

/* Begin XCConfigurationList section */
		4CD740AE2ABB355C004DD661 /* Build configuration list for PBXProject "Tingle" */ = {
			isa = XCConfigurationList;
			buildConfigurations = (
				4CD740DA2ABB355F004DD661 /* Debug */,
				4CD740DB2ABB355F004DD661 /* Release */,
			);
			defaultConfigurationIsVisible = 0;
			defaultConfigurationName = Release;
		};
		4CD740DC2ABB355F004DD661 /* Build configuration list for PBXNativeTarget "Tingle" */ = {
			isa = XCConfigurationList;
			buildConfigurations = (
				4CD740DD2ABB355F004DD661 /* Debug */,
				4CD740DE2ABB355F004DD661 /* Release */,
			);
			defaultConfigurationIsVisible = 0;
			defaultConfigurationName = Release;
		};
		4CD740DF2ABB355F004DD661 /* Build configuration list for PBXNativeTarget "TingleTests" */ = {
			isa = XCConfigurationList;
			buildConfigurations = (
				4CD740E02ABB355F004DD661 /* Debug */,
				4CD740E12ABB355F004DD661 /* Release */,
			);
			defaultConfigurationIsVisible = 0;
			defaultConfigurationName = Release;
		};
		4CD740E22ABB355F004DD661 /* Build configuration list for PBXNativeTarget "TingleUITests" */ = {
			isa = XCConfigurationList;
			buildConfigurations = (
				4CD740E32ABB355F004DD661 /* Debug */,
				4CD740E42ABB355F004DD661 /* Release */,
			);
			defaultConfigurationIsVisible = 0;
			defaultConfigurationName = Release;
		};
/* End XCConfigurationList section */

/* Begin XCVersionGroup section */
		4CD740C12ABB355F004DD661 /* Tingle.xcdatamodeld */ = {
			isa = XCVersionGroup;
			children = (
				4CD740C22ABB355F004DD661 /* Tingle.xcdatamodel */,
			);
			currentVersion = 4CD740C22ABB355F004DD661 /* Tingle.xcdatamodel */;
			path = Tingle.xcdatamodeld;
			sourceTree = "<group>";
			versionGroupType = wrapper.xcdatamodel;
		};
/* End XCVersionGroup section */
	};
	rootObject = 4CD740AB2ABB355C004DD661 /* Project object */;
}
