// !$*UTF8*$!
{
	archiveVersion = 1;
	classes = {
	};
	objectVersion = 56;
	objects = {

/* Begin PBXBuildFile section */
		4CC8A8AE2ABDF2F300FEBC11 /* LoginUseCaseInterface.swift in Sources */ = {isa = PBXBuildFile; fileRef = 4CC8A8AD2ABDF2F300FEBC11 /* LoginUseCaseInterface.swift */; };
		4CC8A8B02ABDF2F600FEBC11 /* LoginUseCase.swift in Sources */ = {isa = PBXBuildFile; fileRef = 4CC8A8AF2ABDF2F600FEBC11 /* LoginUseCase.swift */; };
		4CC8A8B52ABDF4B100FEBC11 /* LoginViewRemoteInterface.swift in Sources */ = {isa = PBXBuildFile; fileRef = 4CC8A8B42ABDF4B100FEBC11 /* LoginViewRemoteInterface.swift */; };
		4CC8A8B72ABDF51000FEBC11 /* LoginViewRemote.swift in Sources */ = {isa = PBXBuildFile; fileRef = 4CC8A8B62ABDF51000FEBC11 /* LoginViewRemote.swift */; };
		4CC8A8BA2ABDF77A00FEBC11 /* LoginDataModel.swift in Sources */ = {isa = PBXBuildFile; fileRef = 4CC8A8B92ABDF77A00FEBC11 /* LoginDataModel.swift */; };
		4CC8A8C42ABDFDD600FEBC11 /* AuthViewStubGenerator.swift in Sources */ = {isa = PBXBuildFile; fileRef = 4CC8A8C32ABDFDD600FEBC11 /* AuthViewStubGenerator.swift */; };
		4CC8A8C62ABDFEE900FEBC11 /* AuthViewMocks.swift in Sources */ = {isa = PBXBuildFile; fileRef = 4CC8A8C52ABDFEE900FEBC11 /* AuthViewMocks.swift */; };
		4CC8A8CE2ABE048800FEBC11 /* PostsViewUseCase.swift in Sources */ = {isa = PBXBuildFile; fileRef = 4CC8A8CD2ABE048800FEBC11 /* PostsViewUseCase.swift */; };
		4CC8A8D02ABE049300FEBC11 /* PostsViewUseCaseInterface.swift in Sources */ = {isa = PBXBuildFile; fileRef = 4CC8A8CF2ABE049300FEBC11 /* PostsViewUseCaseInterface.swift */; };
		4CC8A8D22ABE04A600FEBC11 /* PostsViewSearchUseCaseInterface.swift in Sources */ = {isa = PBXBuildFile; fileRef = 4CC8A8D12ABE04A600FEBC11 /* PostsViewSearchUseCaseInterface.swift */; };
		4CC8A8D42ABE04B200FEBC11 /* PostsViewSearchUseCase.swift in Sources */ = {isa = PBXBuildFile; fileRef = 4CC8A8D32ABE04B200FEBC11 /* PostsViewSearchUseCase.swift */; };
		4CC8A8DA2ABE04FE00FEBC11 /* PostsViewRemoteInterface.swift in Sources */ = {isa = PBXBuildFile; fileRef = 4CC8A8D92ABE04FE00FEBC11 /* PostsViewRemoteInterface.swift */; };
		4CC8A8DC2ABE050800FEBC11 /* PostsViewRemote.swift in Sources */ = {isa = PBXBuildFile; fileRef = 4CC8A8DB2ABE050800FEBC11 /* PostsViewRemote.swift */; };
		4CC8A8E02ABE0BD400FEBC11 /* AuthUseCaseTests.swift in Sources */ = {isa = PBXBuildFile; fileRef = 4CC8A8DF2ABE0BD400FEBC11 /* AuthUseCaseTests.swift */; };
		4CC8A8E42ABE0E4E00FEBC11 /* PostsViewStubGenerator.swift in Sources */ = {isa = PBXBuildFile; fileRef = 4CC8A8E32ABE0E4E00FEBC11 /* PostsViewStubGenerator.swift */; };
		4CC8A8E62ABE0E5700FEBC11 /* PostViewMocks.swift in Sources */ = {isa = PBXBuildFile; fileRef = 4CC8A8E52ABE0E5700FEBC11 /* PostViewMocks.swift */; };
		4CC8A8E82ABE0E6C00FEBC11 /* PostUseCaseTests.swift in Sources */ = {isa = PBXBuildFile; fileRef = 4CC8A8E72ABE0E6C00FEBC11 /* PostUseCaseTests.swift */; };
		4CC8A9272ABF060B00FEBC11 /* LoginViewFactory.swift in Sources */ = {isa = PBXBuildFile; fileRef = 4CC8A9262ABF060B00FEBC11 /* LoginViewFactory.swift */; };
		4CC8A92A2ABF083E00FEBC11 /* CachedUserUseCaseInterface.swift in Sources */ = {isa = PBXBuildFile; fileRef = 4CC8A9292ABF083E00FEBC11 /* CachedUserUseCaseInterface.swift */; };
		4CC8A92C2ABF089D00FEBC11 /* CachedUserUseCase.swift in Sources */ = {isa = PBXBuildFile; fileRef = 4CC8A92B2ABF089D00FEBC11 /* CachedUserUseCase.swift */; };
		4CC8A92F2ABF13A700FEBC11 /* PostsListFactory.swift in Sources */ = {isa = PBXBuildFile; fileRef = 4CC8A92E2ABF13A700FEBC11 /* PostsListFactory.swift */; };
		4CD740B72ABB355C004DD661 /* TingleApp.swift in Sources */ = {isa = PBXBuildFile; fileRef = 4CD740B62ABB355C004DD661 /* TingleApp.swift */; };
		4CD740B92ABB355C004DD661 /* PostsListView.swift in Sources */ = {isa = PBXBuildFile; fileRef = 4CD740B82ABB355C004DD661 /* PostsListView.swift */; };
		4CD740BB2ABB355F004DD661 /* Assets.xcassets in Resources */ = {isa = PBXBuildFile; fileRef = 4CD740BA2ABB355F004DD661 /* Assets.xcassets */; };
		4CD740BE2ABB355F004DD661 /* Preview Assets.xcassets in Resources */ = {isa = PBXBuildFile; fileRef = 4CD740BD2ABB355F004DD661 /* Preview Assets.xcassets */; };
		4CD740C02ABB355F004DD661 /* Persistence.swift in Sources */ = {isa = PBXBuildFile; fileRef = 4CD740BF2ABB355F004DD661 /* Persistence.swift */; };
		4CD740C32ABB355F004DD661 /* Tingle.xcdatamodeld in Sources */ = {isa = PBXBuildFile; fileRef = 4CD740C12ABB355F004DD661 /* Tingle.xcdatamodeld */; };
		4CD740D72ABB355F004DD661 /* TingleUITests.swift in Sources */ = {isa = PBXBuildFile; fileRef = 4CD740D62ABB355F004DD661 /* TingleUITests.swift */; };
		4CD740D92ABB355F004DD661 /* TingleUITestsLaunchTests.swift in Sources */ = {isa = PBXBuildFile; fileRef = 4CD740D82ABB355F004DD661 /* TingleUITestsLaunchTests.swift */; };
		4CD740F12ABB35E4004DD661 /* HttpMethod.swift in Sources */ = {isa = PBXBuildFile; fileRef = 4CD740E82ABB35E4004DD661 /* HttpMethod.swift */; };
		4CD740F22ABB35E4004DD661 /* RequestBuilder.swift in Sources */ = {isa = PBXBuildFile; fileRef = 4CD740E92ABB35E4004DD661 /* RequestBuilder.swift */; };
		4CD740F32ABB35E4004DD661 /* BaseRouter.swift in Sources */ = {isa = PBXBuildFile; fileRef = 4CD740EA2ABB35E4004DD661 /* BaseRouter.swift */; };
		4CD740F42ABB35E4004DD661 /* NetworkReachability.swift in Sources */ = {isa = PBXBuildFile; fileRef = 4CD740EB2ABB35E4004DD661 /* NetworkReachability.swift */; };
		4CD740F52ABB35E4004DD661 /* RequestRouter.swift in Sources */ = {isa = PBXBuildFile; fileRef = 4CD740EC2ABB35E4004DD661 /* RequestRouter.swift */; };
		4CD740F62ABB35E4004DD661 /* NetworkingManger.swift in Sources */ = {isa = PBXBuildFile; fileRef = 4CD740ED2ABB35E4004DD661 /* NetworkingManger.swift */; };
		4CD740F72ABB35E4004DD661 /* ErrorCode.swift in Sources */ = {isa = PBXBuildFile; fileRef = 4CD740EF2ABB35E4004DD661 /* ErrorCode.swift */; };
		4CD740F82ABB35E4004DD661 /* APIError.swift in Sources */ = {isa = PBXBuildFile; fileRef = 4CD740F02ABB35E4004DD661 /* APIError.swift */; };
		4CD740FA2ABB381C004DD661 /* PostsListViewModel.swift in Sources */ = {isa = PBXBuildFile; fileRef = 4CD740F92ABB381C004DD661 /* PostsListViewModel.swift */; };
		4CD740FD2ABB3C59004DD661 /* PostsEntity.swift in Sources */ = {isa = PBXBuildFile; fileRef = 4CD740FC2ABB3C59004DD661 /* PostsEntity.swift */; };
		4CD740FF2ABB3C5B004DD661 /* LoginEntity.swift in Sources */ = {isa = PBXBuildFile; fileRef = 4CD740FE2ABB3C5B004DD661 /* LoginEntity.swift */; };
		4CD741022ABB4161004DD661 /* BaseRouterProtocol.swift in Sources */ = {isa = PBXBuildFile; fileRef = 4CD741012ABB4161004DD661 /* BaseRouterProtocol.swift */; };
		4CD7410A2ABB44D1004DD661 /* LoginView.swift in Sources */ = {isa = PBXBuildFile; fileRef = 4CD741092ABB44D1004DD661 /* LoginView.swift */; };
		4CD7410C2ABB44DD004DD661 /* LoginViewModel.swift in Sources */ = {isa = PBXBuildFile; fileRef = 4CD7410B2ABB44DD004DD661 /* LoginViewModel.swift */; };
		4CD7410E2ABB4FF4004DD661 /* Color+Ext.swift in Sources */ = {isa = PBXBuildFile; fileRef = 4CD7410D2ABB4FF4004DD661 /* Color+Ext.swift */; };
		4CD741502ABB76D2004DD661 /* PostCustomView.swift in Sources */ = {isa = PBXBuildFile; fileRef = 4CD7414F2ABB76D2004DD661 /* PostCustomView.swift */; };
		4CD741522ABB9199004DD661 /* SearchBarView.swift in Sources */ = {isa = PBXBuildFile; fileRef = 4CD741512ABB9199004DD661 /* SearchBarView.swift */; };
		4CD741542ABB9441004DD661 /* LoginViewConstants.swift in Sources */ = {isa = PBXBuildFile; fileRef = 4CD741532ABB9441004DD661 /* LoginViewConstants.swift */; };
		4CD741562ABB97ED004DD661 /* LoginViewLibrary.swift in Sources */ = {isa = PBXBuildFile; fileRef = 4CD741552ABB97EC004DD661 /* LoginViewLibrary.swift */; };
		4CD7415D2ABC7284004DD661 /* PostsDataModel.swift in Sources */ = {isa = PBXBuildFile; fileRef = 4CD7415C2ABC7284004DD661 /* PostsDataModel.swift */; };
		4CD7415F2ABC9837004DD661 /* RoundedView.swift in Sources */ = {isa = PBXBuildFile; fileRef = 4CD7415E2ABC9837004DD661 /* RoundedView.swift */; };
		4CD741612ABC984E004DD661 /* StringWrapper.swift in Sources */ = {isa = PBXBuildFile; fileRef = 4CD741602ABC984E004DD661 /* StringWrapper.swift */; };
		4CD741632ABC9D47004DD661 /* PostsViewLibrary.swift in Sources */ = {isa = PBXBuildFile; fileRef = 4CD741622ABC9D47004DD661 /* PostsViewLibrary.swift */; };
		4CD741652ABCF07B004DD661 /* LoginRepository.swift in Sources */ = {isa = PBXBuildFile; fileRef = 4CD741642ABCF07B004DD661 /* LoginRepository.swift */; };
		4CD7416A2ABCF798004DD661 /* LoginRepoInterface.swift in Sources */ = {isa = PBXBuildFile; fileRef = 4CD741692ABCF798004DD661 /* LoginRepoInterface.swift */; };
		4CD7416D2ABCFB49004DD661 /* LoginViewLocal.swift in Sources */ = {isa = PBXBuildFile; fileRef = 4CD7416C2ABCFB49004DD661 /* LoginViewLocal.swift */; };
		4CD7416F2ABCFB64004DD661 /* LoginViewLocalInterface.swift in Sources */ = {isa = PBXBuildFile; fileRef = 4CD7416E2ABCFB64004DD661 /* LoginViewLocalInterface.swift */; };
		4CD741752ABCFD7F004DD661 /* LoginViewCoordinator.swift in Sources */ = {isa = PBXBuildFile; fileRef = 4CD741742ABCFD7F004DD661 /* LoginViewCoordinator.swift */; };
		4CD7417D2ABD03F4004DD661 /* PostsListRepoInterface.swift in Sources */ = {isa = PBXBuildFile; fileRef = 4CD7417C2ABD03F4004DD661 /* PostsListRepoInterface.swift */; };
		4CD7417F2ABD03FD004DD661 /* PostsListRepository.swift in Sources */ = {isa = PBXBuildFile; fileRef = 4CD7417E2ABD03FD004DD661 /* PostsListRepository.swift */; };
		4CD741812ABD0405004DD661 /* PostsListConstants.swift in Sources */ = {isa = PBXBuildFile; fileRef = 4CD741802ABD0405004DD661 /* PostsListConstants.swift */; };
		4CD741832ABD0410004DD661 /* PostsListCoordinator.swift in Sources */ = {isa = PBXBuildFile; fileRef = 4CD741822ABD0410004DD661 /* PostsListCoordinator.swift */; };
/* End PBXBuildFile section */

/* Begin PBXContainerItemProxy section */
		4CD740C92ABB355F004DD661 /* PBXContainerItemProxy */ = {
			isa = PBXContainerItemProxy;
			containerPortal = 4CD740AB2ABB355C004DD661 /* Project object */;
			proxyType = 1;
			remoteGlobalIDString = 4CD740B22ABB355C004DD661;
			remoteInfo = Tingle;
		};
		4CD740D32ABB355F004DD661 /* PBXContainerItemProxy */ = {
			isa = PBXContainerItemProxy;
			containerPortal = 4CD740AB2ABB355C004DD661 /* Project object */;
			proxyType = 1;
			remoteGlobalIDString = 4CD740B22ABB355C004DD661;
			remoteInfo = Tingle;
		};
/* End PBXContainerItemProxy section */

/* Begin PBXFileReference section */
		4CC8A8AD2ABDF2F300FEBC11 /* LoginUseCaseInterface.swift */ = {isa = PBXFileReference; lastKnownFileType = sourcecode.swift; path = LoginUseCaseInterface.swift; sourceTree = "<group>"; };
		4CC8A8AF2ABDF2F600FEBC11 /* LoginUseCase.swift */ = {isa = PBXFileReference; lastKnownFileType = sourcecode.swift; path = LoginUseCase.swift; sourceTree = "<group>"; };
		4CC8A8B42ABDF4B100FEBC11 /* LoginViewRemoteInterface.swift */ = {isa = PBXFileReference; lastKnownFileType = sourcecode.swift; path = LoginViewRemoteInterface.swift; sourceTree = "<group>"; };
		4CC8A8B62ABDF51000FEBC11 /* LoginViewRemote.swift */ = {isa = PBXFileReference; lastKnownFileType = sourcecode.swift; path = LoginViewRemote.swift; sourceTree = "<group>"; };
		4CC8A8B92ABDF77A00FEBC11 /* LoginDataModel.swift */ = {isa = PBXFileReference; lastKnownFileType = sourcecode.swift; path = LoginDataModel.swift; sourceTree = "<group>"; };
		4CC8A8C22ABDFDBE00FEBC11 /* authResponse.json */ = {isa = PBXFileReference; lastKnownFileType = text.json; path = authResponse.json; sourceTree = "<group>"; };
		4CC8A8C32ABDFDD600FEBC11 /* AuthViewStubGenerator.swift */ = {isa = PBXFileReference; lastKnownFileType = sourcecode.swift; path = AuthViewStubGenerator.swift; sourceTree = "<group>"; };
		4CC8A8C52ABDFEE900FEBC11 /* AuthViewMocks.swift */ = {isa = PBXFileReference; lastKnownFileType = sourcecode.swift; path = AuthViewMocks.swift; sourceTree = "<group>"; };
		4CC8A8CD2ABE048800FEBC11 /* PostsViewUseCase.swift */ = {isa = PBXFileReference; lastKnownFileType = sourcecode.swift; path = PostsViewUseCase.swift; sourceTree = "<group>"; };
		4CC8A8CF2ABE049300FEBC11 /* PostsViewUseCaseInterface.swift */ = {isa = PBXFileReference; lastKnownFileType = sourcecode.swift; path = PostsViewUseCaseInterface.swift; sourceTree = "<group>"; };
		4CC8A8D12ABE04A600FEBC11 /* PostsViewSearchUseCaseInterface.swift */ = {isa = PBXFileReference; lastKnownFileType = sourcecode.swift; path = PostsViewSearchUseCaseInterface.swift; sourceTree = "<group>"; };
		4CC8A8D32ABE04B200FEBC11 /* PostsViewSearchUseCase.swift */ = {isa = PBXFileReference; lastKnownFileType = sourcecode.swift; path = PostsViewSearchUseCase.swift; sourceTree = "<group>"; };
		4CC8A8D92ABE04FE00FEBC11 /* PostsViewRemoteInterface.swift */ = {isa = PBXFileReference; lastKnownFileType = sourcecode.swift; path = PostsViewRemoteInterface.swift; sourceTree = "<group>"; };
		4CC8A8DB2ABE050800FEBC11 /* PostsViewRemote.swift */ = {isa = PBXFileReference; lastKnownFileType = sourcecode.swift; path = PostsViewRemote.swift; sourceTree = "<group>"; };
		4CC8A8DF2ABE0BD400FEBC11 /* AuthUseCaseTests.swift */ = {isa = PBXFileReference; lastKnownFileType = sourcecode.swift; path = AuthUseCaseTests.swift; sourceTree = "<group>"; };
		4CC8A8E22ABE0DD600FEBC11 /* postsResponse.json */ = {isa = PBXFileReference; lastKnownFileType = text.json; path = postsResponse.json; sourceTree = "<group>"; };
		4CC8A8E32ABE0E4E00FEBC11 /* PostsViewStubGenerator.swift */ = {isa = PBXFileReference; lastKnownFileType = sourcecode.swift; path = PostsViewStubGenerator.swift; sourceTree = "<group>"; };
		4CC8A8E52ABE0E5700FEBC11 /* PostViewMocks.swift */ = {isa = PBXFileReference; lastKnownFileType = sourcecode.swift; path = PostViewMocks.swift; sourceTree = "<group>"; };
		4CC8A8E72ABE0E6C00FEBC11 /* PostUseCaseTests.swift */ = {isa = PBXFileReference; lastKnownFileType = sourcecode.swift; path = PostUseCaseTests.swift; sourceTree = "<group>"; };
		4CC8A9262ABF060B00FEBC11 /* LoginViewFactory.swift */ = {isa = PBXFileReference; lastKnownFileType = sourcecode.swift; path = LoginViewFactory.swift; sourceTree = "<group>"; };
		4CC8A9292ABF083E00FEBC11 /* CachedUserUseCaseInterface.swift */ = {isa = PBXFileReference; lastKnownFileType = sourcecode.swift; path = CachedUserUseCaseInterface.swift; sourceTree = "<group>"; };
		4CC8A92B2ABF089D00FEBC11 /* CachedUserUseCase.swift */ = {isa = PBXFileReference; lastKnownFileType = sourcecode.swift; path = CachedUserUseCase.swift; sourceTree = "<group>"; };
		4CC8A92E2ABF13A700FEBC11 /* PostsListFactory.swift */ = {isa = PBXFileReference; lastKnownFileType = sourcecode.swift; path = PostsListFactory.swift; sourceTree = "<group>"; };
		4CD740B32ABB355C004DD661 /* Tingle.app */ = {isa = PBXFileReference; explicitFileType = wrapper.application; includeInIndex = 0; path = Tingle.app; sourceTree = BUILT_PRODUCTS_DIR; };
		4CD740B62ABB355C004DD661 /* TingleApp.swift */ = {isa = PBXFileReference; lastKnownFileType = sourcecode.swift; path = TingleApp.swift; sourceTree = "<group>"; };
		4CD740B82ABB355C004DD661 /* PostsListView.swift */ = {isa = PBXFileReference; lastKnownFileType = sourcecode.swift; path = PostsListView.swift; sourceTree = "<group>"; };
		4CD740BA2ABB355F004DD661 /* Assets.xcassets */ = {isa = PBXFileReference; lastKnownFileType = folder.assetcatalog; path = Assets.xcassets; sourceTree = "<group>"; };
		4CD740BD2ABB355F004DD661 /* Preview Assets.xcassets */ = {isa = PBXFileReference; lastKnownFileType = folder.assetcatalog; path = "Preview Assets.xcassets"; sourceTree = "<group>"; };
		4CD740BF2ABB355F004DD661 /* Persistence.swift */ = {isa = PBXFileReference; lastKnownFileType = sourcecode.swift; path = Persistence.swift; sourceTree = "<group>"; };
		4CD740C22ABB355F004DD661 /* Tingle.xcdatamodel */ = {isa = PBXFileReference; lastKnownFileType = wrapper.xcdatamodel; path = Tingle.xcdatamodel; sourceTree = "<group>"; };
		4CD740C82ABB355F004DD661 /* TingleTests.xctest */ = {isa = PBXFileReference; explicitFileType = wrapper.cfbundle; includeInIndex = 0; path = TingleTests.xctest; sourceTree = BUILT_PRODUCTS_DIR; };
		4CD740D22ABB355F004DD661 /* TingleUITests.xctest */ = {isa = PBXFileReference; explicitFileType = wrapper.cfbundle; includeInIndex = 0; path = TingleUITests.xctest; sourceTree = BUILT_PRODUCTS_DIR; };
		4CD740D62ABB355F004DD661 /* TingleUITests.swift */ = {isa = PBXFileReference; lastKnownFileType = sourcecode.swift; path = TingleUITests.swift; sourceTree = "<group>"; };
		4CD740D82ABB355F004DD661 /* TingleUITestsLaunchTests.swift */ = {isa = PBXFileReference; lastKnownFileType = sourcecode.swift; path = TingleUITestsLaunchTests.swift; sourceTree = "<group>"; };
		4CD740E82ABB35E4004DD661 /* HttpMethod.swift */ = {isa = PBXFileReference; fileEncoding = 4; lastKnownFileType = sourcecode.swift; path = HttpMethod.swift; sourceTree = "<group>"; };
		4CD740E92ABB35E4004DD661 /* RequestBuilder.swift */ = {isa = PBXFileReference; fileEncoding = 4; lastKnownFileType = sourcecode.swift; path = RequestBuilder.swift; sourceTree = "<group>"; };
		4CD740EA2ABB35E4004DD661 /* BaseRouter.swift */ = {isa = PBXFileReference; fileEncoding = 4; lastKnownFileType = sourcecode.swift; path = BaseRouter.swift; sourceTree = "<group>"; };
		4CD740EB2ABB35E4004DD661 /* NetworkReachability.swift */ = {isa = PBXFileReference; fileEncoding = 4; lastKnownFileType = sourcecode.swift; path = NetworkReachability.swift; sourceTree = "<group>"; };
		4CD740EC2ABB35E4004DD661 /* RequestRouter.swift */ = {isa = PBXFileReference; fileEncoding = 4; lastKnownFileType = sourcecode.swift; path = RequestRouter.swift; sourceTree = "<group>"; };
		4CD740ED2ABB35E4004DD661 /* NetworkingManger.swift */ = {isa = PBXFileReference; fileEncoding = 4; lastKnownFileType = sourcecode.swift; path = NetworkingManger.swift; sourceTree = "<group>"; };
		4CD740EF2ABB35E4004DD661 /* ErrorCode.swift */ = {isa = PBXFileReference; fileEncoding = 4; lastKnownFileType = sourcecode.swift; path = ErrorCode.swift; sourceTree = "<group>"; };
		4CD740F02ABB35E4004DD661 /* APIError.swift */ = {isa = PBXFileReference; fileEncoding = 4; lastKnownFileType = sourcecode.swift; path = APIError.swift; sourceTree = "<group>"; };
		4CD740F92ABB381C004DD661 /* PostsListViewModel.swift */ = {isa = PBXFileReference; lastKnownFileType = sourcecode.swift; path = PostsListViewModel.swift; sourceTree = "<group>"; };
		4CD740FC2ABB3C59004DD661 /* PostsEntity.swift */ = {isa = PBXFileReference; lastKnownFileType = sourcecode.swift; path = PostsEntity.swift; sourceTree = "<group>"; };
		4CD740FE2ABB3C5B004DD661 /* LoginEntity.swift */ = {isa = PBXFileReference; lastKnownFileType = sourcecode.swift; path = LoginEntity.swift; sourceTree = "<group>"; };
		4CD741012ABB4161004DD661 /* BaseRouterProtocol.swift */ = {isa = PBXFileReference; lastKnownFileType = sourcecode.swift; path = BaseRouterProtocol.swift; sourceTree = "<group>"; };
		4CD741092ABB44D1004DD661 /* LoginView.swift */ = {isa = PBXFileReference; lastKnownFileType = sourcecode.swift; path = LoginView.swift; sourceTree = "<group>"; };
		4CD7410B2ABB44DD004DD661 /* LoginViewModel.swift */ = {isa = PBXFileReference; lastKnownFileType = sourcecode.swift; path = LoginViewModel.swift; sourceTree = "<group>"; };
		4CD7410D2ABB4FF4004DD661 /* Color+Ext.swift */ = {isa = PBXFileReference; lastKnownFileType = sourcecode.swift; path = "Color+Ext.swift"; sourceTree = "<group>"; };
		4CD7414F2ABB76D2004DD661 /* PostCustomView.swift */ = {isa = PBXFileReference; lastKnownFileType = sourcecode.swift; path = PostCustomView.swift; sourceTree = "<group>"; };
		4CD741512ABB9199004DD661 /* SearchBarView.swift */ = {isa = PBXFileReference; lastKnownFileType = sourcecode.swift; path = SearchBarView.swift; sourceTree = "<group>"; };
		4CD741532ABB9441004DD661 /* LoginViewConstants.swift */ = {isa = PBXFileReference; lastKnownFileType = sourcecode.swift; path = LoginViewConstants.swift; sourceTree = "<group>"; };
		4CD741552ABB97EC004DD661 /* LoginViewLibrary.swift */ = {isa = PBXFileReference; lastKnownFileType = sourcecode.swift; path = LoginViewLibrary.swift; sourceTree = "<group>"; };
		4CD7415C2ABC7284004DD661 /* PostsDataModel.swift */ = {isa = PBXFileReference; lastKnownFileType = sourcecode.swift; path = PostsDataModel.swift; sourceTree = "<group>"; };
		4CD7415E2ABC9837004DD661 /* RoundedView.swift */ = {isa = PBXFileReference; lastKnownFileType = sourcecode.swift; path = RoundedView.swift; sourceTree = "<group>"; };
		4CD741602ABC984E004DD661 /* StringWrapper.swift */ = {isa = PBXFileReference; lastKnownFileType = sourcecode.swift; path = StringWrapper.swift; sourceTree = "<group>"; };
		4CD741622ABC9D47004DD661 /* PostsViewLibrary.swift */ = {isa = PBXFileReference; lastKnownFileType = sourcecode.swift; path = PostsViewLibrary.swift; sourceTree = "<group>"; };
		4CD741642ABCF07B004DD661 /* LoginRepository.swift */ = {isa = PBXFileReference; lastKnownFileType = sourcecode.swift; path = LoginRepository.swift; sourceTree = "<group>"; };
		4CD741692ABCF798004DD661 /* LoginRepoInterface.swift */ = {isa = PBXFileReference; lastKnownFileType = sourcecode.swift; path = LoginRepoInterface.swift; sourceTree = "<group>"; };
		4CD7416C2ABCFB49004DD661 /* LoginViewLocal.swift */ = {isa = PBXFileReference; lastKnownFileType = sourcecode.swift; path = LoginViewLocal.swift; sourceTree = "<group>"; };
		4CD7416E2ABCFB64004DD661 /* LoginViewLocalInterface.swift */ = {isa = PBXFileReference; lastKnownFileType = sourcecode.swift; path = LoginViewLocalInterface.swift; sourceTree = "<group>"; };
		4CD741742ABCFD7F004DD661 /* LoginViewCoordinator.swift */ = {isa = PBXFileReference; lastKnownFileType = sourcecode.swift; path = LoginViewCoordinator.swift; sourceTree = "<group>"; };
		4CD7417C2ABD03F4004DD661 /* PostsListRepoInterface.swift */ = {isa = PBXFileReference; lastKnownFileType = sourcecode.swift; path = PostsListRepoInterface.swift; sourceTree = "<group>"; };
		4CD7417E2ABD03FD004DD661 /* PostsListRepository.swift */ = {isa = PBXFileReference; lastKnownFileType = sourcecode.swift; path = PostsListRepository.swift; sourceTree = "<group>"; };
		4CD741802ABD0405004DD661 /* PostsListConstants.swift */ = {isa = PBXFileReference; lastKnownFileType = sourcecode.swift; path = PostsListConstants.swift; sourceTree = "<group>"; };
		4CD741822ABD0410004DD661 /* PostsListCoordinator.swift */ = {isa = PBXFileReference; lastKnownFileType = sourcecode.swift; path = PostsListCoordinator.swift; sourceTree = "<group>"; };
/* End PBXFileReference section */

/* Begin PBXFrameworksBuildPhase section */
		4CD740B02ABB355C004DD661 /* Frameworks */ = {
			isa = PBXFrameworksBuildPhase;
			buildActionMask = 2147483647;
			files = (
			);
			runOnlyForDeploymentPostprocessing = 0;
		};
		4CD740C52ABB355F004DD661 /* Frameworks */ = {
			isa = PBXFrameworksBuildPhase;
			buildActionMask = 2147483647;
			files = (
			);
			runOnlyForDeploymentPostprocessing = 0;
		};
		4CD740CF2ABB355F004DD661 /* Frameworks */ = {
			isa = PBXFrameworksBuildPhase;
			buildActionMask = 2147483647;
			files = (
			);
			runOnlyForDeploymentPostprocessing = 0;
		};
/* End PBXFrameworksBuildPhase section */

/* Begin PBXGroup section */
		4CC8A8A82ABDF27600FEBC11 /* Data */ = {
			isa = PBXGroup;
			children = (
				4CC8A8B82ABDF6AE00FEBC11 /* DtaModel */,
				4CC8A8B32ABDF49500FEBC11 /* Remote */,
				4CD7416B2ABCFB3E004DD661 /* Local */,
				4CD741682ABCF78C004DD661 /* Repository */,
			);
			path = Data;
			sourceTree = "<group>";
		};
		4CC8A8A92ABDF27B00FEBC11 /* Domain */ = {
			isa = PBXGroup;
			children = (
				4CC8A8AB2ABDF2A600FEBC11 /* Entity */,
				4CC8A8B12ABDF47300FEBC11 /* Interfaces */,
				4CC8A8AC2ABDF2C300FEBC11 /* UseCase */,
			);
			path = Domain;
			sourceTree = "<group>";
		};
		4CC8A8AA2ABDF28300FEBC11 /* Presentation */ = {
			isa = PBXGroup;
			children = (
				4CD741722ABCFCB8004DD661 /* View */,
				4CD741702ABCFCA4004DD661 /* ViewModel */,
			);
			path = Presentation;
			sourceTree = "<group>";
		};
		4CC8A8AB2ABDF2A600FEBC11 /* Entity */ = {
			isa = PBXGroup;
			children = (
				4CD740FE2ABB3C5B004DD661 /* LoginEntity.swift */,
			);
			path = Entity;
			sourceTree = "<group>";
		};
		4CC8A8AC2ABDF2C300FEBC11 /* UseCase */ = {
			isa = PBXGroup;
			children = (
				4CC8A9282ABF082C00FEBC11 /* CachedUserUseCase */,
				4CC8A8BB2ABDFBF900FEBC11 /* LoginUseCase */,
			);
			path = UseCase;
			sourceTree = "<group>";
		};
		4CC8A8B12ABDF47300FEBC11 /* Interfaces */ = {
			isa = PBXGroup;
			children = (
				4CD741692ABCF798004DD661 /* LoginRepoInterface.swift */,
			);
			path = Interfaces;
			sourceTree = "<group>";
		};
		4CC8A8B32ABDF49500FEBC11 /* Remote */ = {
			isa = PBXGroup;
			children = (
				4CC8A8B42ABDF4B100FEBC11 /* LoginViewRemoteInterface.swift */,
				4CC8A8B62ABDF51000FEBC11 /* LoginViewRemote.swift */,
			);
			path = Remote;
			sourceTree = "<group>";
		};
		4CC8A8B82ABDF6AE00FEBC11 /* DtaModel */ = {
			isa = PBXGroup;
			children = (
				4CC8A8B92ABDF77A00FEBC11 /* LoginDataModel.swift */,
			);
			path = DtaModel;
			sourceTree = "<group>";
		};
		4CC8A8BB2ABDFBF900FEBC11 /* LoginUseCase */ = {
			isa = PBXGroup;
			children = (
				4CC8A8AD2ABDF2F300FEBC11 /* LoginUseCaseInterface.swift */,
				4CC8A8AF2ABDF2F600FEBC11 /* LoginUseCase.swift */,
			);
			path = LoginUseCase;
			sourceTree = "<group>";
		};
		4CC8A8C12ABDFD9B00FEBC11 /* AuthViewUnitTest */ = {
			isa = PBXGroup;
			children = (
				4CC8A8C22ABDFDBE00FEBC11 /* authResponse.json */,
				4CC8A8C32ABDFDD600FEBC11 /* AuthViewStubGenerator.swift */,
				4CC8A8C52ABDFEE900FEBC11 /* AuthViewMocks.swift */,
				4CC8A8DF2ABE0BD400FEBC11 /* AuthUseCaseTests.swift */,
			);
			path = AuthViewUnitTest;
			sourceTree = "<group>";
		};
		4CC8A8C72ABE040000FEBC11 /* Domain */ = {
			isa = PBXGroup;
			children = (
				4CC8A8CC2ABE045B00FEBC11 /* Entity */,
				4CC8A8CB2ABE043100FEBC11 /* Interfaces */,
				4CC8A8CA2ABE042C00FEBC11 /* UseCase */,
			);
			path = Domain;
			sourceTree = "<group>";
		};
		4CC8A8C82ABE040700FEBC11 /* Data */ = {
			isa = PBXGroup;
			children = (
				4CC8A8D82ABE04E100FEBC11 /* DataModel */,
				4CC8A8D72ABE04DC00FEBC11 /* Remote */,
				4CD7417A2ABD03C9004DD661 /* Repository */,
			);
			path = Data;
			sourceTree = "<group>";
		};
		4CC8A8C92ABE040B00FEBC11 /* Presentation */ = {
			isa = PBXGroup;
			children = (
				4CD741762ABD038E004DD661 /* View */,
				4CD741772ABD0396004DD661 /* ViewModel */,
				4CC8A9302ABF1CAD00FEBC11 /* CustomViews */,
			);
			path = Presentation;
			sourceTree = "<group>";
		};
		4CC8A8CA2ABE042C00FEBC11 /* UseCase */ = {
			isa = PBXGroup;
			children = (
				4CC8A8D52ABE04B700FEBC11 /* PostsViewUseCase */,
				4CC8A8D62ABE04C600FEBC11 /* PostsViewSearchUseCase */,
			);
			path = UseCase;
			sourceTree = "<group>";
		};
		4CC8A8CB2ABE043100FEBC11 /* Interfaces */ = {
			isa = PBXGroup;
			children = (
				4CD7417C2ABD03F4004DD661 /* PostsListRepoInterface.swift */,
			);
			path = Interfaces;
			sourceTree = "<group>";
		};
		4CC8A8CC2ABE045B00FEBC11 /* Entity */ = {
			isa = PBXGroup;
			children = (
				4CD740FC2ABB3C59004DD661 /* PostsEntity.swift */,
			);
			path = Entity;
			sourceTree = "<group>";
		};
		4CC8A8D52ABE04B700FEBC11 /* PostsViewUseCase */ = {
			isa = PBXGroup;
			children = (
				4CC8A8CF2ABE049300FEBC11 /* PostsViewUseCaseInterface.swift */,
				4CC8A8CD2ABE048800FEBC11 /* PostsViewUseCase.swift */,
			);
			path = PostsViewUseCase;
			sourceTree = "<group>";
		};
		4CC8A8D62ABE04C600FEBC11 /* PostsViewSearchUseCase */ = {
			isa = PBXGroup;
			children = (
				4CC8A8D12ABE04A600FEBC11 /* PostsViewSearchUseCaseInterface.swift */,
				4CC8A8D32ABE04B200FEBC11 /* PostsViewSearchUseCase.swift */,
			);
			path = PostsViewSearchUseCase;
			sourceTree = "<group>";
		};
		4CC8A8D72ABE04DC00FEBC11 /* Remote */ = {
			isa = PBXGroup;
			children = (
				4CC8A8D92ABE04FE00FEBC11 /* PostsViewRemoteInterface.swift */,
				4CC8A8DB2ABE050800FEBC11 /* PostsViewRemote.swift */,
			);
			path = Remote;
			sourceTree = "<group>";
		};
		4CC8A8D82ABE04E100FEBC11 /* DataModel */ = {
			isa = PBXGroup;
			children = (
				4CD7415C2ABC7284004DD661 /* PostsDataModel.swift */,
			);
			path = DataModel;
			sourceTree = "<group>";
		};
		4CC8A8DD2ABE091E00FEBC11 /* Other */ = {
			isa = PBXGroup;
			children = (
				4CC8A92D2ABF139C00FEBC11 /* PostListFactory */,
				4CD7417B2ABD03D3004DD661 /* Constants */,
				4CD741782ABD03B1004DD661 /* Coordinator */,
			);
			path = Other;
			sourceTree = "<group>";
		};
		4CC8A8DE2ABE092D00FEBC11 /* Other */ = {
			isa = PBXGroup;
			children = (
				4CC8A9252ABF05FE00FEBC11 /* LoginViewFactory */,
				4CD741732ABCFD79004DD661 /* Coordinator */,
				4CD741712ABCFCAC004DD661 /* Constants */,
			);
			path = Other;
			sourceTree = "<group>";
		};
		4CC8A8E12ABE0D5300FEBC11 /* PostsViewUnitTest */ = {
			isa = PBXGroup;
			children = (
				4CC8A8E22ABE0DD600FEBC11 /* postsResponse.json */,
				4CC8A8E32ABE0E4E00FEBC11 /* PostsViewStubGenerator.swift */,
				4CC8A8E52ABE0E5700FEBC11 /* PostViewMocks.swift */,
				4CC8A8E72ABE0E6C00FEBC11 /* PostUseCaseTests.swift */,
			);
			path = PostsViewUnitTest;
			sourceTree = "<group>";
		};
		4CC8A9252ABF05FE00FEBC11 /* LoginViewFactory */ = {
			isa = PBXGroup;
			children = (
				4CC8A9262ABF060B00FEBC11 /* LoginViewFactory.swift */,
			);
			path = LoginViewFactory;
			sourceTree = "<group>";
		};
		4CC8A9282ABF082C00FEBC11 /* CachedUserUseCase */ = {
			isa = PBXGroup;
			children = (
				4CC8A9292ABF083E00FEBC11 /* CachedUserUseCaseInterface.swift */,
				4CC8A92B2ABF089D00FEBC11 /* CachedUserUseCase.swift */,
			);
			path = CachedUserUseCase;
			sourceTree = "<group>";
		};
		4CC8A92D2ABF139C00FEBC11 /* PostListFactory */ = {
			isa = PBXGroup;
			children = (
				4CC8A92E2ABF13A700FEBC11 /* PostsListFactory.swift */,
			);
			path = PostListFactory;
			sourceTree = "<group>";
		};
		4CC8A9302ABF1CAD00FEBC11 /* CustomViews */ = {
			isa = PBXGroup;
			children = (
				4CD7414F2ABB76D2004DD661 /* PostCustomView.swift */,
				4CD741512ABB9199004DD661 /* SearchBarView.swift */,
				4CD7415E2ABC9837004DD661 /* RoundedView.swift */,
			);
			path = CustomViews;
			sourceTree = "<group>";
		};
		4CD740AA2ABB355C004DD661 = {
			isa = PBXGroup;
			children = (
				4CD740B52ABB355C004DD661 /* Tingle */,
				4CD740CB2ABB355F004DD661 /* TingleTests */,
				4CD740D52ABB355F004DD661 /* TingleUITests */,
				4CD740B42ABB355C004DD661 /* Products */,
			);
			sourceTree = "<group>";
		};
		4CD740B42ABB355C004DD661 /* Products */ = {
			isa = PBXGroup;
			children = (
				4CD740B32ABB355C004DD661 /* Tingle.app */,
				4CD740C82ABB355F004DD661 /* TingleTests.xctest */,
				4CD740D22ABB355F004DD661 /* TingleUITests.xctest */,
			);
			name = Products;
			sourceTree = "<group>";
		};
		4CD740B52ABB355C004DD661 /* Tingle */ = {
			isa = PBXGroup;
			children = (
				4CD741042ABB4239004DD661 /* Main */,
				4CD741052ABB4240004DD661 /* Modules */,
				4CD740E52ABB3573004DD661 /* Helper */,
				4CD741032ABB4230004DD661 /* Resources */,
				4CD740BC2ABB355F004DD661 /* Preview Content */,
			);
			path = Tingle;
			sourceTree = "<group>";
		};
		4CD740BC2ABB355F004DD661 /* Preview Content */ = {
			isa = PBXGroup;
			children = (
				4CD740BD2ABB355F004DD661 /* Preview Assets.xcassets */,
			);
			path = "Preview Content";
			sourceTree = "<group>";
		};
		4CD740CB2ABB355F004DD661 /* TingleTests */ = {
			isa = PBXGroup;
			children = (
				4CC8A8C12ABDFD9B00FEBC11 /* AuthViewUnitTest */,
				4CC8A8E12ABE0D5300FEBC11 /* PostsViewUnitTest */,
			);
			path = TingleTests;
			sourceTree = "<group>";
		};
		4CD740D52ABB355F004DD661 /* TingleUITests */ = {
			isa = PBXGroup;
			children = (
				4CD740D62ABB355F004DD661 /* TingleUITests.swift */,
				4CD740D82ABB355F004DD661 /* TingleUITestsLaunchTests.swift */,
			);
			path = TingleUITests;
			sourceTree = "<group>";
		};
		4CD740E52ABB3573004DD661 /* Helper */ = {
			isa = PBXGroup;
			children = (
				4CD740E62ABB35E4004DD661 /* NetworkingLayer */,
				4CD7410F2ABB4FFE004DD661 /* Extension */,
			);
			path = Helper;
			sourceTree = "<group>";
		};
		4CD740E62ABB35E4004DD661 /* NetworkingLayer */ = {
			isa = PBXGroup;
			children = (
				4CD740ED2ABB35E4004DD661 /* NetworkingManger.swift */,
				4CD741002ABB414D004DD661 /* NetworkRouter */,
				4CD740E72ABB35E4004DD661 /* Others */,
				4CD740EE2ABB35E4004DD661 /* Error */,
			);
			path = NetworkingLayer;
			sourceTree = "<group>";
		};
		4CD740E72ABB35E4004DD661 /* Others */ = {
			isa = PBXGroup;
			children = (
				4CD740E82ABB35E4004DD661 /* HttpMethod.swift */,
				4CD740EB2ABB35E4004DD661 /* NetworkReachability.swift */,
			);
			path = Others;
			sourceTree = "<group>";
		};
		4CD740EE2ABB35E4004DD661 /* Error */ = {
			isa = PBXGroup;
			children = (
				4CD740EF2ABB35E4004DD661 /* ErrorCode.swift */,
				4CD740F02ABB35E4004DD661 /* APIError.swift */,
			);
			path = Error;
			sourceTree = "<group>";
		};
		4CD741002ABB414D004DD661 /* NetworkRouter */ = {
			isa = PBXGroup;
			children = (
				4CD741012ABB4161004DD661 /* BaseRouterProtocol.swift */,
				4CD740EA2ABB35E4004DD661 /* BaseRouter.swift */,
				4CD740E92ABB35E4004DD661 /* RequestBuilder.swift */,
				4CD740EC2ABB35E4004DD661 /* RequestRouter.swift */,
			);
			path = NetworkRouter;
			sourceTree = "<group>";
		};
		4CD741032ABB4230004DD661 /* Resources */ = {
			isa = PBXGroup;
			children = (
				4CD740BF2ABB355F004DD661 /* Persistence.swift */,
				4CD740BA2ABB355F004DD661 /* Assets.xcassets */,
				4CD740C12ABB355F004DD661 /* Tingle.xcdatamodeld */,
			);
			path = Resources;
			sourceTree = "<group>";
		};
		4CD741042ABB4239004DD661 /* Main */ = {
			isa = PBXGroup;
			children = (
				4CD740B62ABB355C004DD661 /* TingleApp.swift */,
			);
			path = Main;
			sourceTree = "<group>";
		};
		4CD741052ABB4240004DD661 /* Modules */ = {
			isa = PBXGroup;
			children = (
				4CD741072ABB425E004DD661 /* AuthenticationModule */,
				4CD741062ABB4253004DD661 /* PostsModule */,
			);
			path = Modules;
			sourceTree = "<group>";
		};
		4CD741062ABB4253004DD661 /* PostsModule */ = {
			isa = PBXGroup;
			children = (
				4CC8A8C72ABE040000FEBC11 /* Domain */,
				4CC8A8C82ABE040700FEBC11 /* Data */,
				4CC8A8C92ABE040B00FEBC11 /* Presentation */,
				4CC8A8DD2ABE091E00FEBC11 /* Other */,
			);
			path = PostsModule;
			sourceTree = "<group>";
		};
		4CD741072ABB425E004DD661 /* AuthenticationModule */ = {
			isa = PBXGroup;
			children = (
				4CC8A8A92ABDF27B00FEBC11 /* Domain */,
				4CC8A8A82ABDF27600FEBC11 /* Data */,
				4CC8A8AA2ABDF28300FEBC11 /* Presentation */,
				4CC8A8DE2ABE092D00FEBC11 /* Other */,
			);
			path = AuthenticationModule;
			sourceTree = "<group>";
		};
		4CD7410F2ABB4FFE004DD661 /* Extension */ = {
			isa = PBXGroup;
			children = (
				4CD7410D2ABB4FF4004DD661 /* Color+Ext.swift */,
				4CD741602ABC984E004DD661 /* StringWrapper.swift */,
			);
			path = Extension;
			sourceTree = "<group>";
		};
		4CD741682ABCF78C004DD661 /* Repository */ = {
			isa = PBXGroup;
			children = (
				4CD741642ABCF07B004DD661 /* LoginRepository.swift */,
			);
			path = Repository;
			sourceTree = "<group>";
		};
		4CD7416B2ABCFB3E004DD661 /* Local */ = {
			isa = PBXGroup;
			children = (
				4CD7416E2ABCFB64004DD661 /* LoginViewLocalInterface.swift */,
				4CD7416C2ABCFB49004DD661 /* LoginViewLocal.swift */,
			);
			path = Local;
			sourceTree = "<group>";
		};
		4CD741702ABCFCA4004DD661 /* ViewModel */ = {
			isa = PBXGroup;
			children = (
				4CD7410B2ABB44DD004DD661 /* LoginViewModel.swift */,
			);
			path = ViewModel;
			sourceTree = "<group>";
		};
		4CD741712ABCFCAC004DD661 /* Constants */ = {
			isa = PBXGroup;
			children = (
				4CD741532ABB9441004DD661 /* LoginViewConstants.swift */,
			);
			path = Constants;
			sourceTree = "<group>";
		};
		4CD741722ABCFCB8004DD661 /* View */ = {
			isa = PBXGroup;
			children = (
				4CD741092ABB44D1004DD661 /* LoginView.swift */,
				4CD741552ABB97EC004DD661 /* LoginViewLibrary.swift */,
			);
			path = View;
			sourceTree = "<group>";
		};
		4CD741732ABCFD79004DD661 /* Coordinator */ = {
			isa = PBXGroup;
			children = (
				4CD741742ABCFD7F004DD661 /* LoginViewCoordinator.swift */,
			);
			path = Coordinator;
			sourceTree = "<group>";
		};
		4CD741762ABD038E004DD661 /* View */ = {
			isa = PBXGroup;
			children = (
				4CD740B82ABB355C004DD661 /* PostsListView.swift */,
				4CD741622ABC9D47004DD661 /* PostsViewLibrary.swift */,
			);
			path = View;
			sourceTree = "<group>";
		};
		4CD741772ABD0396004DD661 /* ViewModel */ = {
			isa = PBXGroup;
			children = (
				4CD740F92ABB381C004DD661 /* PostsListViewModel.swift */,
			);
			path = ViewModel;
			sourceTree = "<group>";
		};
		4CD741782ABD03B1004DD661 /* Coordinator */ = {
			isa = PBXGroup;
			children = (
				4CD741822ABD0410004DD661 /* PostsListCoordinator.swift */,
			);
			path = Coordinator;
			sourceTree = "<group>";
		};
		4CD7417A2ABD03C9004DD661 /* Repository */ = {
			isa = PBXGroup;
			children = (
				4CD7417E2ABD03FD004DD661 /* PostsListRepository.swift */,
			);
			path = Repository;
			sourceTree = "<group>";
		};
		4CD7417B2ABD03D3004DD661 /* Constants */ = {
			isa = PBXGroup;
			children = (
				4CD741802ABD0405004DD661 /* PostsListConstants.swift */,
			);
			path = Constants;
			sourceTree = "<group>";
		};
/* End PBXGroup section */

/* Begin PBXNativeTarget section */
		4CD740B22ABB355C004DD661 /* Tingle */ = {
			isa = PBXNativeTarget;
			buildConfigurationList = 4CD740DC2ABB355F004DD661 /* Build configuration list for PBXNativeTarget "Tingle" */;
			buildPhases = (
				4CD740AF2ABB355C004DD661 /* Sources */,
				4CD740B02ABB355C004DD661 /* Frameworks */,
				4CD740B12ABB355C004DD661 /* Resources */,
			);
			buildRules = (
			);
			dependencies = (
			);
			name = Tingle;
			productName = Tingle;
			productReference = 4CD740B32ABB355C004DD661 /* Tingle.app */;
			productType = "com.apple.product-type.application";
		};
		4CD740C72ABB355F004DD661 /* TingleTests */ = {
			isa = PBXNativeTarget;
			buildConfigurationList = 4CD740DF2ABB355F004DD661 /* Build configuration list for PBXNativeTarget "TingleTests" */;
			buildPhases = (
				4CD740C42ABB355F004DD661 /* Sources */,
				4CD740C52ABB355F004DD661 /* Frameworks */,
				4CD740C62ABB355F004DD661 /* Resources */,
			);
			buildRules = (
			);
			dependencies = (
				4CD740CA2ABB355F004DD661 /* PBXTargetDependency */,
			);
			name = TingleTests;
			productName = TingleTests;
			productReference = 4CD740C82ABB355F004DD661 /* TingleTests.xctest */;
			productType = "com.apple.product-type.bundle.unit-test";
		};
		4CD740D12ABB355F004DD661 /* TingleUITests */ = {
			isa = PBXNativeTarget;
			buildConfigurationList = 4CD740E22ABB355F004DD661 /* Build configuration list for PBXNativeTarget "TingleUITests" */;
			buildPhases = (
				4CD740CE2ABB355F004DD661 /* Sources */,
				4CD740CF2ABB355F004DD661 /* Frameworks */,
				4CD740D02ABB355F004DD661 /* Resources */,
			);
			buildRules = (
			);
			dependencies = (
				4CD740D42ABB355F004DD661 /* PBXTargetDependency */,
			);
			name = TingleUITests;
			productName = TingleUITests;
			productReference = 4CD740D22ABB355F004DD661 /* TingleUITests.xctest */;
			productType = "com.apple.product-type.bundle.ui-testing";
		};
/* End PBXNativeTarget section */

/* Begin PBXProject section */
		4CD740AB2ABB355C004DD661 /* Project object */ = {
			isa = PBXProject;
			attributes = {
				BuildIndependentTargetsInParallel = 1;
				LastSwiftUpdateCheck = 1430;
				LastUpgradeCheck = 1430;
				TargetAttributes = {
					4CD740B22ABB355C004DD661 = {
						CreatedOnToolsVersion = 14.3;
					};
					4CD740C72ABB355F004DD661 = {
						CreatedOnToolsVersion = 14.3;
						TestTargetID = 4CD740B22ABB355C004DD661;
					};
					4CD740D12ABB355F004DD661 = {
						CreatedOnToolsVersion = 14.3;
						TestTargetID = 4CD740B22ABB355C004DD661;
					};
				};
			};
			buildConfigurationList = 4CD740AE2ABB355C004DD661 /* Build configuration list for PBXProject "Tingle" */;
			compatibilityVersion = "Xcode 14.0";
			developmentRegion = en;
			hasScannedForEncodings = 0;
			knownRegions = (
				en,
				Base,
			);
			mainGroup = 4CD740AA2ABB355C004DD661;
			productRefGroup = 4CD740B42ABB355C004DD661 /* Products */;
			projectDirPath = "";
			projectRoot = "";
			targets = (
				4CD740B22ABB355C004DD661 /* Tingle */,
				4CD740C72ABB355F004DD661 /* TingleTests */,
				4CD740D12ABB355F004DD661 /* TingleUITests */,
			);
		};
/* End PBXProject section */

/* Begin PBXResourcesBuildPhase section */
		4CD740B12ABB355C004DD661 /* Resources */ = {
			isa = PBXResourcesBuildPhase;
			buildActionMask = 2147483647;
			files = (
				4CD740BE2ABB355F004DD661 /* Preview Assets.xcassets in Resources */,
				4CD740BB2ABB355F004DD661 /* Assets.xcassets in Resources */,
			);
			runOnlyForDeploymentPostprocessing = 0;
		};
		4CD740C62ABB355F004DD661 /* Resources */ = {
			isa = PBXResourcesBuildPhase;
			buildActionMask = 2147483647;
			files = (
			);
			runOnlyForDeploymentPostprocessing = 0;
		};
		4CD740D02ABB355F004DD661 /* Resources */ = {
			isa = PBXResourcesBuildPhase;
			buildActionMask = 2147483647;
			files = (
			);
			runOnlyForDeploymentPostprocessing = 0;
		};
/* End PBXResourcesBuildPhase section */

/* Begin PBXSourcesBuildPhase section */
		4CD740AF2ABB355C004DD661 /* Sources */ = {
			isa = PBXSourcesBuildPhase;
			buildActionMask = 2147483647;
			files = (
				4CD740C02ABB355F004DD661 /* Persistence.swift in Sources */,
				4CC8A8DC2ABE050800FEBC11 /* PostsViewRemote.swift in Sources */,
				4CD741022ABB4161004DD661 /* BaseRouterProtocol.swift in Sources */,
				4CC8A8BA2ABDF77A00FEBC11 /* LoginDataModel.swift in Sources */,
				4CD741832ABD0410004DD661 /* PostsListCoordinator.swift in Sources */,
				4CD7417D2ABD03F4004DD661 /* PostsListRepoInterface.swift in Sources */,
				4CD740B92ABB355C004DD661 /* PostsListView.swift in Sources */,
				4CC8A8B72ABDF51000FEBC11 /* LoginViewRemote.swift in Sources */,
				4CD740F32ABB35E4004DD661 /* BaseRouter.swift in Sources */,
				4CC8A8CE2ABE048800FEBC11 /* PostsViewUseCase.swift in Sources */,
				4CD740F62ABB35E4004DD661 /* NetworkingManger.swift in Sources */,
				4CD741752ABCFD7F004DD661 /* LoginViewCoordinator.swift in Sources */,
				4CD741652ABCF07B004DD661 /* LoginRepository.swift in Sources */,
				4CD741562ABB97ED004DD661 /* LoginViewLibrary.swift in Sources */,
				4CC8A8B52ABDF4B100FEBC11 /* LoginViewRemoteInterface.swift in Sources */,
				4CD741502ABB76D2004DD661 /* PostCustomView.swift in Sources */,
				4CC8A8AE2ABDF2F300FEBC11 /* LoginUseCaseInterface.swift in Sources */,
				4CC8A8D22ABE04A600FEBC11 /* PostsViewSearchUseCaseInterface.swift in Sources */,
				4CD740C32ABB355F004DD661 /* Tingle.xcdatamodeld in Sources */,
				4CD740F22ABB35E4004DD661 /* RequestBuilder.swift in Sources */,
				4CD740F82ABB35E4004DD661 /* APIError.swift in Sources */,
				4CD7416A2ABCF798004DD661 /* LoginRepoInterface.swift in Sources */,
				4CD7415D2ABC7284004DD661 /* PostsDataModel.swift in Sources */,
				4CD740FF2ABB3C5B004DD661 /* LoginEntity.swift in Sources */,
				4CD7416F2ABCFB64004DD661 /* LoginViewLocalInterface.swift in Sources */,
				4CC8A8B02ABDF2F600FEBC11 /* LoginUseCase.swift in Sources */,
				4CD741522ABB9199004DD661 /* SearchBarView.swift in Sources */,
				4CD740B72ABB355C004DD661 /* TingleApp.swift in Sources */,
				4CD740F72ABB35E4004DD661 /* ErrorCode.swift in Sources */,
				4CC8A8DA2ABE04FE00FEBC11 /* PostsViewRemoteInterface.swift in Sources */,
				4CC8A8D42ABE04B200FEBC11 /* PostsViewSearchUseCase.swift in Sources */,
				4CD7410C2ABB44DD004DD661 /* LoginViewModel.swift in Sources */,
				4CD741632ABC9D47004DD661 /* PostsViewLibrary.swift in Sources */,
				4CC8A8D02ABE049300FEBC11 /* PostsViewUseCaseInterface.swift in Sources */,
				4CD741542ABB9441004DD661 /* LoginViewConstants.swift in Sources */,
				4CD740FD2ABB3C59004DD661 /* PostsEntity.swift in Sources */,
				4CC8A9272ABF060B00FEBC11 /* LoginViewFactory.swift in Sources */,
				4CD741612ABC984E004DD661 /* StringWrapper.swift in Sources */,
				4CD740F12ABB35E4004DD661 /* HttpMethod.swift in Sources */,
				4CD7415F2ABC9837004DD661 /* RoundedView.swift in Sources */,
				4CD7417F2ABD03FD004DD661 /* PostsListRepository.swift in Sources */,
				4CD741812ABD0405004DD661 /* PostsListConstants.swift in Sources */,
				4CD7410A2ABB44D1004DD661 /* LoginView.swift in Sources */,
				4CD7416D2ABCFB49004DD661 /* LoginViewLocal.swift in Sources */,
				4CC8A92F2ABF13A700FEBC11 /* PostsListFactory.swift in Sources */,
				4CD740FA2ABB381C004DD661 /* PostsListViewModel.swift in Sources */,
				4CD740F42ABB35E4004DD661 /* NetworkReachability.swift in Sources */,
				4CC8A92C2ABF089D00FEBC11 /* CachedUserUseCase.swift in Sources */,
				4CD7410E2ABB4FF4004DD661 /* Color+Ext.swift in Sources */,
				4CD740F52ABB35E4004DD661 /* RequestRouter.swift in Sources */,
				4CC8A92A2ABF083E00FEBC11 /* CachedUserUseCaseInterface.swift in Sources */,
			);
			runOnlyForDeploymentPostprocessing = 0;
		};
		4CD740C42ABB355F004DD661 /* Sources */ = {
			isa = PBXSourcesBuildPhase;
			buildActionMask = 2147483647;
			files = (
				4CC8A8E42ABE0E4E00FEBC11 /* PostsViewStubGenerator.swift in Sources */,
				4CC8A8E82ABE0E6C00FEBC11 /* PostUseCaseTests.swift in Sources */,
				4CC8A8C42ABDFDD600FEBC11 /* AuthViewStubGenerator.swift in Sources */,
				4CC8A8C62ABDFEE900FEBC11 /* AuthViewMocks.swift in Sources */,
				4CC8A8E02ABE0BD400FEBC11 /* AuthUseCaseTests.swift in Sources */,
				4CC8A8E62ABE0E5700FEBC11 /* PostViewMocks.swift in Sources */,
			);
			runOnlyForDeploymentPostprocessing = 0;
		};
		4CD740CE2ABB355F004DD661 /* Sources */ = {
			isa = PBXSourcesBuildPhase;
			buildActionMask = 2147483647;
			files = (
				4CD740D72ABB355F004DD661 /* TingleUITests.swift in Sources */,
				4CD740D92ABB355F004DD661 /* TingleUITestsLaunchTests.swift in Sources */,
			);
			runOnlyForDeploymentPostprocessing = 0;
		};
/* End PBXSourcesBuildPhase section */

/* Begin PBXTargetDependency section */
		4CD740CA2ABB355F004DD661 /* PBXTargetDependency */ = {
			isa = PBXTargetDependency;
			target = 4CD740B22ABB355C004DD661 /* Tingle */;
			targetProxy = 4CD740C92ABB355F004DD661 /* PBXContainerItemProxy */;
		};
		4CD740D42ABB355F004DD661 /* PBXTargetDependency */ = {
			isa = PBXTargetDependency;
			target = 4CD740B22ABB355C004DD661 /* Tingle */;
			targetProxy = 4CD740D32ABB355F004DD661 /* PBXContainerItemProxy */;
		};
/* End PBXTargetDependency section */

/* Begin XCBuildConfiguration section */
		4CD740DA2ABB355F004DD661 /* Debug */ = {
			isa = XCBuildConfiguration;
			buildSettings = {
				ALWAYS_SEARCH_USER_PATHS = NO;
				CLANG_ANALYZER_NONNULL = YES;
				CLANG_ANALYZER_NUMBER_OBJECT_CONVERSION = YES_AGGRESSIVE;
				CLANG_CXX_LANGUAGE_STANDARD = "gnu++20";
				CLANG_ENABLE_MODULES = YES;
				CLANG_ENABLE_OBJC_ARC = YES;
				CLANG_ENABLE_OBJC_WEAK = YES;
				CLANG_WARN_BLOCK_CAPTURE_AUTORELEASING = YES;
				CLANG_WARN_BOOL_CONVERSION = YES;
				CLANG_WARN_COMMA = YES;
				CLANG_WARN_CONSTANT_CONVERSION = YES;
				CLANG_WARN_DEPRECATED_OBJC_IMPLEMENTATIONS = YES;
				CLANG_WARN_DIRECT_OBJC_ISA_USAGE = YES_ERROR;
				CLANG_WARN_DOCUMENTATION_COMMENTS = YES;
				CLANG_WARN_EMPTY_BODY = YES;
				CLANG_WARN_ENUM_CONVERSION = YES;
				CLANG_WARN_INFINITE_RECURSION = YES;
				CLANG_WARN_INT_CONVERSION = YES;
				CLANG_WARN_NON_LITERAL_NULL_CONVERSION = YES;
				CLANG_WARN_OBJC_IMPLICIT_RETAIN_SELF = YES;
				CLANG_WARN_OBJC_LITERAL_CONVERSION = YES;
				CLANG_WARN_OBJC_ROOT_CLASS = YES_ERROR;
				CLANG_WARN_QUOTED_INCLUDE_IN_FRAMEWORK_HEADER = YES;
				CLANG_WARN_RANGE_LOOP_ANALYSIS = YES;
				CLANG_WARN_STRICT_PROTOTYPES = YES;
				CLANG_WARN_SUSPICIOUS_MOVE = YES;
				CLANG_WARN_UNGUARDED_AVAILABILITY = YES_AGGRESSIVE;
				CLANG_WARN_UNREACHABLE_CODE = YES;
				CLANG_WARN__DUPLICATE_METHOD_MATCH = YES;
				COPY_PHASE_STRIP = NO;
				DEBUG_INFORMATION_FORMAT = dwarf;
				ENABLE_STRICT_OBJC_MSGSEND = YES;
				ENABLE_TESTABILITY = YES;
				GCC_C_LANGUAGE_STANDARD = gnu11;
				GCC_DYNAMIC_NO_PIC = NO;
				GCC_NO_COMMON_BLOCKS = YES;
				GCC_OPTIMIZATION_LEVEL = 0;
				GCC_PREPROCESSOR_DEFINITIONS = (
					"DEBUG=1",
					"$(inherited)",
				);
				GCC_WARN_64_TO_32_BIT_CONVERSION = YES;
				GCC_WARN_ABOUT_RETURN_TYPE = YES_ERROR;
				GCC_WARN_UNDECLARED_SELECTOR = YES;
				GCC_WARN_UNINITIALIZED_AUTOS = YES_AGGRESSIVE;
				GCC_WARN_UNUSED_FUNCTION = YES;
				GCC_WARN_UNUSED_VARIABLE = YES;
				IPHONEOS_DEPLOYMENT_TARGET = 16.4;
				MTL_ENABLE_DEBUG_INFO = INCLUDE_SOURCE;
				MTL_FAST_MATH = YES;
				ONLY_ACTIVE_ARCH = YES;
				SDKROOT = iphoneos;
				SWIFT_ACTIVE_COMPILATION_CONDITIONS = DEBUG;
				SWIFT_OPTIMIZATION_LEVEL = "-Onone";
			};
			name = Debug;
		};
		4CD740DB2ABB355F004DD661 /* Release */ = {
			isa = XCBuildConfiguration;
			buildSettings = {
				ALWAYS_SEARCH_USER_PATHS = NO;
				CLANG_ANALYZER_NONNULL = YES;
				CLANG_ANALYZER_NUMBER_OBJECT_CONVERSION = YES_AGGRESSIVE;
				CLANG_CXX_LANGUAGE_STANDARD = "gnu++20";
				CLANG_ENABLE_MODULES = YES;
				CLANG_ENABLE_OBJC_ARC = YES;
				CLANG_ENABLE_OBJC_WEAK = YES;
				CLANG_WARN_BLOCK_CAPTURE_AUTORELEASING = YES;
				CLANG_WARN_BOOL_CONVERSION = YES;
				CLANG_WARN_COMMA = YES;
				CLANG_WARN_CONSTANT_CONVERSION = YES;
				CLANG_WARN_DEPRECATED_OBJC_IMPLEMENTATIONS = YES;
				CLANG_WARN_DIRECT_OBJC_ISA_USAGE = YES_ERROR;
				CLANG_WARN_DOCUMENTATION_COMMENTS = YES;
				CLANG_WARN_EMPTY_BODY = YES;
				CLANG_WARN_ENUM_CONVERSION = YES;
				CLANG_WARN_INFINITE_RECURSION = YES;
				CLANG_WARN_INT_CONVERSION = YES;
				CLANG_WARN_NON_LITERAL_NULL_CONVERSION = YES;
				CLANG_WARN_OBJC_IMPLICIT_RETAIN_SELF = YES;
				CLANG_WARN_OBJC_LITERAL_CONVERSION = YES;
				CLANG_WARN_OBJC_ROOT_CLASS = YES_ERROR;
				CLANG_WARN_QUOTED_INCLUDE_IN_FRAMEWORK_HEADER = YES;
				CLANG_WARN_RANGE_LOOP_ANALYSIS = YES;
				CLANG_WARN_STRICT_PROTOTYPES = YES;
				CLANG_WARN_SUSPICIOUS_MOVE = YES;
				CLANG_WARN_UNGUARDED_AVAILABILITY = YES_AGGRESSIVE;
				CLANG_WARN_UNREACHABLE_CODE = YES;
				CLANG_WARN__DUPLICATE_METHOD_MATCH = YES;
				COPY_PHASE_STRIP = NO;
				DEBUG_INFORMATION_FORMAT = "dwarf-with-dsym";
				ENABLE_NS_ASSERTIONS = NO;
				ENABLE_STRICT_OBJC_MSGSEND = YES;
				GCC_C_LANGUAGE_STANDARD = gnu11;
				GCC_NO_COMMON_BLOCKS = YES;
				GCC_WARN_64_TO_32_BIT_CONVERSION = YES;
				GCC_WARN_ABOUT_RETURN_TYPE = YES_ERROR;
				GCC_WARN_UNDECLARED_SELECTOR = YES;
				GCC_WARN_UNINITIALIZED_AUTOS = YES_AGGRESSIVE;
				GCC_WARN_UNUSED_FUNCTION = YES;
				GCC_WARN_UNUSED_VARIABLE = YES;
				IPHONEOS_DEPLOYMENT_TARGET = 16.4;
				MTL_ENABLE_DEBUG_INFO = NO;
				MTL_FAST_MATH = YES;
				SDKROOT = iphoneos;
				SWIFT_COMPILATION_MODE = wholemodule;
				SWIFT_OPTIMIZATION_LEVEL = "-O";
				VALIDATE_PRODUCT = YES;
			};
			name = Release;
		};
		4CD740DD2ABB355F004DD661 /* Debug */ = {
			isa = XCBuildConfiguration;
			buildSettings = {
				ASSETCATALOG_COMPILER_APPICON_NAME = AppIcon;
				ASSETCATALOG_COMPILER_GLOBAL_ACCENT_COLOR_NAME = AccentColor;
				CODE_SIGN_STYLE = Automatic;
				CURRENT_PROJECT_VERSION = 1;
				DEVELOPMENT_ASSET_PATHS = "\"Tingle/Preview Content\"";
				DEVELOPMENT_TEAM = 2JM7W65QBL;
				ENABLE_PREVIEWS = YES;
				GENERATE_INFOPLIST_FILE = YES;
				INFOPLIST_KEY_UIApplicationSceneManifest_Generation = YES;
				INFOPLIST_KEY_UIApplicationSupportsIndirectInputEvents = YES;
				INFOPLIST_KEY_UILaunchScreen_Generation = YES;
				INFOPLIST_KEY_UISupportedInterfaceOrientations = UIInterfaceOrientationPortrait;
				INFOPLIST_KEY_UISupportedInterfaceOrientations_iPad = "UIInterfaceOrientationLandscapeLeft UIInterfaceOrientationLandscapeRight UIInterfaceOrientationPortrait UIInterfaceOrientationPortraitUpsideDown";
				IPHONEOS_DEPLOYMENT_TARGET = 15.0;
				LD_RUNPATH_SEARCH_PATHS = (
					"$(inherited)",
					"@executable_path/Frameworks",
				);
				MARKETING_VERSION = 1.0;
				PRODUCT_BUNDLE_IDENTIFIER = Extensions.Tingle;
				PRODUCT_NAME = "$(TARGET_NAME)";
				SUPPORTED_PLATFORMS = "iphoneos iphonesimulator";
				SUPPORTS_MACCATALYST = NO;
				SUPPORTS_MAC_DESIGNED_FOR_IPHONE_IPAD = NO;
				SWIFT_EMIT_LOC_STRINGS = YES;
				SWIFT_VERSION = 5.0;
				TARGETED_DEVICE_FAMILY = 1;
			};
			name = Debug;
		};
		4CD740DE2ABB355F004DD661 /* Release */ = {
			isa = XCBuildConfiguration;
			buildSettings = {
				ASSETCATALOG_COMPILER_APPICON_NAME = AppIcon;
				ASSETCATALOG_COMPILER_GLOBAL_ACCENT_COLOR_NAME = AccentColor;
				CODE_SIGN_STYLE = Automatic;
				CURRENT_PROJECT_VERSION = 1;
				DEVELOPMENT_ASSET_PATHS = "\"Tingle/Preview Content\"";
				DEVELOPMENT_TEAM = 2JM7W65QBL;
				ENABLE_PREVIEWS = YES;
				GENERATE_INFOPLIST_FILE = YES;
				INFOPLIST_KEY_UIApplicationSceneManifest_Generation = YES;
				INFOPLIST_KEY_UIApplicationSupportsIndirectInputEvents = YES;
				INFOPLIST_KEY_UILaunchScreen_Generation = YES;
				INFOPLIST_KEY_UISupportedInterfaceOrientations = UIInterfaceOrientationPortrait;
				INFOPLIST_KEY_UISupportedInterfaceOrientations_iPad = "UIInterfaceOrientationLandscapeLeft UIInterfaceOrientationLandscapeRight UIInterfaceOrientationPortrait UIInterfaceOrientationPortraitUpsideDown";
				IPHONEOS_DEPLOYMENT_TARGET = 15.0;
				LD_RUNPATH_SEARCH_PATHS = (
					"$(inherited)",
					"@executable_path/Frameworks",
				);
				MARKETING_VERSION = 1.0;
				PRODUCT_BUNDLE_IDENTIFIER = Extensions.Tingle;
				PRODUCT_NAME = "$(TARGET_NAME)";
				SUPPORTED_PLATFORMS = "iphoneos iphonesimulator";
				SUPPORTS_MACCATALYST = NO;
				SUPPORTS_MAC_DESIGNED_FOR_IPHONE_IPAD = NO;
				SWIFT_EMIT_LOC_STRINGS = YES;
				SWIFT_VERSION = 5.0;
				TARGETED_DEVICE_FAMILY = 1;
			};
			name = Release;
		};
		4CD740E02ABB355F004DD661 /* Debug */ = {
			isa = XCBuildConfiguration;
			buildSettings = {
				ALWAYS_EMBED_SWIFT_STANDARD_LIBRARIES = YES;
				BUNDLE_LOADER = "$(TEST_HOST)";
				CODE_SIGN_STYLE = Automatic;
				CURRENT_PROJECT_VERSION = 1;
				DEVELOPMENT_TEAM = 2JM7W65QBL;
				GENERATE_INFOPLIST_FILE = YES;
				IPHONEOS_DEPLOYMENT_TARGET = 16.4;
				MARKETING_VERSION = 1.0;
				PRODUCT_BUNDLE_IDENTIFIER = Extensions.TingleTests;
				PRODUCT_NAME = "$(TARGET_NAME)";
				SWIFT_EMIT_LOC_STRINGS = NO;
				SWIFT_VERSION = 5.0;
				TARGETED_DEVICE_FAMILY = "1,2";
				TEST_HOST = "$(BUILT_PRODUCTS_DIR)/Tingle.app/$(BUNDLE_EXECUTABLE_FOLDER_PATH)/Tingle";
			};
			name = Debug;
		};
		4CD740E12ABB355F004DD661 /* Release */ = {
			isa = XCBuildConfiguration;
			buildSettings = {
				ALWAYS_EMBED_SWIFT_STANDARD_LIBRARIES = YES;
				BUNDLE_LOADER = "$(TEST_HOST)";
				CODE_SIGN_STYLE = Automatic;
				CURRENT_PROJECT_VERSION = 1;
				DEVELOPMENT_TEAM = 2JM7W65QBL;
				GENERATE_INFOPLIST_FILE = YES;
				IPHONEOS_DEPLOYMENT_TARGET = 16.4;
				MARKETING_VERSION = 1.0;
				PRODUCT_BUNDLE_IDENTIFIER = Extensions.TingleTests;
				PRODUCT_NAME = "$(TARGET_NAME)";
				SWIFT_EMIT_LOC_STRINGS = NO;
				SWIFT_VERSION = 5.0;
				TARGETED_DEVICE_FAMILY = "1,2";
				TEST_HOST = "$(BUILT_PRODUCTS_DIR)/Tingle.app/$(BUNDLE_EXECUTABLE_FOLDER_PATH)/Tingle";
			};
			name = Release;
		};
		4CD740E32ABB355F004DD661 /* Debug */ = {
			isa = XCBuildConfiguration;
			buildSettings = {
				ALWAYS_EMBED_SWIFT_STANDARD_LIBRARIES = YES;
				CODE_SIGN_STYLE = Automatic;
				CURRENT_PROJECT_VERSION = 1;
				DEVELOPMENT_TEAM = 2JM7W65QBL;
				GENERATE_INFOPLIST_FILE = YES;
				MARKETING_VERSION = 1.0;
				PRODUCT_BUNDLE_IDENTIFIER = Extensions.TingleUITests;
				PRODUCT_NAME = "$(TARGET_NAME)";
				SWIFT_EMIT_LOC_STRINGS = NO;
				SWIFT_VERSION = 5.0;
				TARGETED_DEVICE_FAMILY = "1,2";
				TEST_TARGET_NAME = Tingle;
			};
			name = Debug;
		};
		4CD740E42ABB355F004DD661 /* Release */ = {
			isa = XCBuildConfiguration;
			buildSettings = {
				ALWAYS_EMBED_SWIFT_STANDARD_LIBRARIES = YES;
				CODE_SIGN_STYLE = Automatic;
				CURRENT_PROJECT_VERSION = 1;
				DEVELOPMENT_TEAM = 2JM7W65QBL;
				GENERATE_INFOPLIST_FILE = YES;
				MARKETING_VERSION = 1.0;
				PRODUCT_BUNDLE_IDENTIFIER = Extensions.TingleUITests;
				PRODUCT_NAME = "$(TARGET_NAME)";
				SWIFT_EMIT_LOC_STRINGS = NO;
				SWIFT_VERSION = 5.0;
				TARGETED_DEVICE_FAMILY = "1,2";
				TEST_TARGET_NAME = Tingle;
			};
			name = Release;
		};
/* End XCBuildConfiguration section */

/* Begin XCConfigurationList section */
		4CD740AE2ABB355C004DD661 /* Build configuration list for PBXProject "Tingle" */ = {
			isa = XCConfigurationList;
			buildConfigurations = (
				4CD740DA2ABB355F004DD661 /* Debug */,
				4CD740DB2ABB355F004DD661 /* Release */,
			);
			defaultConfigurationIsVisible = 0;
			defaultConfigurationName = Release;
		};
		4CD740DC2ABB355F004DD661 /* Build configuration list for PBXNativeTarget "Tingle" */ = {
			isa = XCConfigurationList;
			buildConfigurations = (
				4CD740DD2ABB355F004DD661 /* Debug */,
				4CD740DE2ABB355F004DD661 /* Release */,
			);
			defaultConfigurationIsVisible = 0;
			defaultConfigurationName = Release;
		};
		4CD740DF2ABB355F004DD661 /* Build configuration list for PBXNativeTarget "TingleTests" */ = {
			isa = XCConfigurationList;
			buildConfigurations = (
				4CD740E02ABB355F004DD661 /* Debug */,
				4CD740E12ABB355F004DD661 /* Release */,
			);
			defaultConfigurationIsVisible = 0;
			defaultConfigurationName = Release;
		};
		4CD740E22ABB355F004DD661 /* Build configuration list for PBXNativeTarget "TingleUITests" */ = {
			isa = XCConfigurationList;
			buildConfigurations = (
				4CD740E32ABB355F004DD661 /* Debug */,
				4CD740E42ABB355F004DD661 /* Release */,
			);
			defaultConfigurationIsVisible = 0;
			defaultConfigurationName = Release;
		};
/* End XCConfigurationList section */

/* Begin XCVersionGroup section */
		4CD740C12ABB355F004DD661 /* Tingle.xcdatamodeld */ = {
			isa = XCVersionGroup;
			children = (
				4CD740C22ABB355F004DD661 /* Tingle.xcdatamodel */,
			);
			currentVersion = 4CD740C22ABB355F004DD661 /* Tingle.xcdatamodel */;
			path = Tingle.xcdatamodeld;
			sourceTree = "<group>";
			versionGroupType = wrapper.xcdatamodel;
		};
/* End XCVersionGroup section */
	};
	rootObject = 4CD740AB2ABB355C004DD661 /* Project object */;
}
